// !$*UTF8*$!
{
	archiveVersion = 1;
	classes = {
	};
	objectVersion = 55;
	objects = {

/* Begin PBXBuildFile section */
		83A846E128725EFA00C777B1 /* AppDelegate.swift in Sources */ = {isa = PBXBuildFile; fileRef = 83A846E028725EFA00C777B1 /* AppDelegate.swift */; };
		83A846E328725EFA00C777B1 /* SceneDelegate.swift in Sources */ = {isa = PBXBuildFile; fileRef = 83A846E228725EFA00C777B1 /* SceneDelegate.swift */; };
		83A846E528725EFA00C777B1 /* ViewController.swift in Sources */ = {isa = PBXBuildFile; fileRef = 83A846E428725EFA00C777B1 /* ViewController.swift */; };
		83A846E828725EFA00C777B1 /* Main.storyboard in Resources */ = {isa = PBXBuildFile; fileRef = 83A846E628725EFA00C777B1 /* Main.storyboard */; };
		83A846EA28725EFE00C777B1 /* Assets.xcassets in Resources */ = {isa = PBXBuildFile; fileRef = 83A846E928725EFE00C777B1 /* Assets.xcassets */; };
		83A846ED28725EFE00C777B1 /* LaunchScreen.storyboard in Resources */ = {isa = PBXBuildFile; fileRef = 83A846EB28725EFE00C777B1 /* LaunchScreen.storyboard */; };
		83A846F828725EFF00C777B1 /* swift_drawingappTests.swift in Sources */ = {isa = PBXBuildFile; fileRef = 83A846F728725EFF00C777B1 /* swift_drawingappTests.swift */; };
		83A8470228725EFF00C777B1 /* swift_drawingappUITests.swift in Sources */ = {isa = PBXBuildFile; fileRef = 83A8470128725EFF00C777B1 /* swift_drawingappUITests.swift */; };
		83A8470428725EFF00C777B1 /* swift_drawingappUITestsLaunchTests.swift in Sources */ = {isa = PBXBuildFile; fileRef = 83A8470328725EFF00C777B1 /* swift_drawingappUITestsLaunchTests.swift */; };
		F2AEE0B928FB04C60068B9E9 /* Rectangle.swift in Sources */ = {isa = PBXBuildFile; fileRef = F2AEE0B828FB04C60068B9E9 /* Rectangle.swift */; };
		F2AEE0BB28FB05C40068B9E9 /* Point.swift in Sources */ = {isa = PBXBuildFile; fileRef = F2AEE0BA28FB05C30068B9E9 /* Point.swift */; };
		F2AEE0BD28FB05F40068B9E9 /* Size.swift in Sources */ = {isa = PBXBuildFile; fileRef = F2AEE0BC28FB05F40068B9E9 /* Size.swift */; };
		F2AEE0BF28FB066C0068B9E9 /* Canvas.swift in Sources */ = {isa = PBXBuildFile; fileRef = F2AEE0BE28FB066C0068B9E9 /* Canvas.swift */; };
		F2AEE0C128FB07C10068B9E9 /* Shape.swift in Sources */ = {isa = PBXBuildFile; fileRef = F2AEE0C028FB07C10068B9E9 /* Shape.swift */; };
		F2AEE0C428FB0B780068B9E9 /* Drawing.swift in Sources */ = {isa = PBXBuildFile; fileRef = F2AEE0C328FB0B780068B9E9 /* Drawing.swift */; };
		F2AEE0C728FB0E530068B9E9 /* StyleApplying.swift in Sources */ = {isa = PBXBuildFile; fileRef = F2AEE0C628FB0E530068B9E9 /* StyleApplying.swift */; };
		F2AEE0C928FB0E7B0068B9E9 /* Color.swift in Sources */ = {isa = PBXBuildFile; fileRef = F2AEE0C828FB0E7B0068B9E9 /* Color.swift */; };
		F2B5F93428FBBF1300D5BE2F /* Selectable.swift in Sources */ = {isa = PBXBuildFile; fileRef = F2B5F93328FBBF1300D5BE2F /* Selectable.swift */; };
/* End PBXBuildFile section */

/* Begin PBXContainerItemProxy section */
		83A846F428725EFF00C777B1 /* PBXContainerItemProxy */ = {
			isa = PBXContainerItemProxy;
			containerPortal = 83A846D528725EF900C777B1 /* Project object */;
			proxyType = 1;
			remoteGlobalIDString = 83A846DC28725EFA00C777B1;
			remoteInfo = "swift-drawingapp";
		};
		83A846FE28725EFF00C777B1 /* PBXContainerItemProxy */ = {
			isa = PBXContainerItemProxy;
			containerPortal = 83A846D528725EF900C777B1 /* Project object */;
			proxyType = 1;
			remoteGlobalIDString = 83A846DC28725EFA00C777B1;
			remoteInfo = "swift-drawingapp";
		};
/* End PBXContainerItemProxy section */

/* Begin PBXFileReference section */
		83A846DD28725EFA00C777B1 /* swift-drawingapp.app */ = {isa = PBXFileReference; explicitFileType = wrapper.application; includeInIndex = 0; path = "swift-drawingapp.app"; sourceTree = BUILT_PRODUCTS_DIR; };
		83A846E028725EFA00C777B1 /* AppDelegate.swift */ = {isa = PBXFileReference; lastKnownFileType = sourcecode.swift; path = AppDelegate.swift; sourceTree = "<group>"; };
		83A846E228725EFA00C777B1 /* SceneDelegate.swift */ = {isa = PBXFileReference; lastKnownFileType = sourcecode.swift; path = SceneDelegate.swift; sourceTree = "<group>"; };
		83A846E428725EFA00C777B1 /* ViewController.swift */ = {isa = PBXFileReference; lastKnownFileType = sourcecode.swift; path = ViewController.swift; sourceTree = "<group>"; };
		83A846E728725EFA00C777B1 /* Base */ = {isa = PBXFileReference; lastKnownFileType = file.storyboard; name = Base; path = Base.lproj/Main.storyboard; sourceTree = "<group>"; };
		83A846E928725EFE00C777B1 /* Assets.xcassets */ = {isa = PBXFileReference; lastKnownFileType = folder.assetcatalog; path = Assets.xcassets; sourceTree = "<group>"; };
		83A846EC28725EFE00C777B1 /* Base */ = {isa = PBXFileReference; lastKnownFileType = file.storyboard; name = Base; path = Base.lproj/LaunchScreen.storyboard; sourceTree = "<group>"; };
		83A846EE28725EFE00C777B1 /* Info.plist */ = {isa = PBXFileReference; lastKnownFileType = text.plist.xml; path = Info.plist; sourceTree = "<group>"; };
		83A846F328725EFF00C777B1 /* swift-drawingappTests.xctest */ = {isa = PBXFileReference; explicitFileType = wrapper.cfbundle; includeInIndex = 0; path = "swift-drawingappTests.xctest"; sourceTree = BUILT_PRODUCTS_DIR; };
		83A846F728725EFF00C777B1 /* swift_drawingappTests.swift */ = {isa = PBXFileReference; lastKnownFileType = sourcecode.swift; path = swift_drawingappTests.swift; sourceTree = "<group>"; };
		83A846FD28725EFF00C777B1 /* swift-drawingappUITests.xctest */ = {isa = PBXFileReference; explicitFileType = wrapper.cfbundle; includeInIndex = 0; path = "swift-drawingappUITests.xctest"; sourceTree = BUILT_PRODUCTS_DIR; };
		83A8470128725EFF00C777B1 /* swift_drawingappUITests.swift */ = {isa = PBXFileReference; lastKnownFileType = sourcecode.swift; path = swift_drawingappUITests.swift; sourceTree = "<group>"; };
		83A8470328725EFF00C777B1 /* swift_drawingappUITestsLaunchTests.swift */ = {isa = PBXFileReference; lastKnownFileType = sourcecode.swift; path = swift_drawingappUITestsLaunchTests.swift; sourceTree = "<group>"; };
		F2AEE0B828FB04C60068B9E9 /* Rectangle.swift */ = {isa = PBXFileReference; lastKnownFileType = sourcecode.swift; path = Rectangle.swift; sourceTree = "<group>"; };
		F2AEE0BA28FB05C30068B9E9 /* Point.swift */ = {isa = PBXFileReference; lastKnownFileType = sourcecode.swift; path = Point.swift; sourceTree = "<group>"; };
		F2AEE0BC28FB05F40068B9E9 /* Size.swift */ = {isa = PBXFileReference; lastKnownFileType = sourcecode.swift; path = Size.swift; sourceTree = "<group>"; };
		F2AEE0BE28FB066C0068B9E9 /* Canvas.swift */ = {isa = PBXFileReference; lastKnownFileType = sourcecode.swift; path = Canvas.swift; sourceTree = "<group>"; };
		F2AEE0C028FB07C10068B9E9 /* Shape.swift */ = {isa = PBXFileReference; lastKnownFileType = sourcecode.swift; path = Shape.swift; sourceTree = "<group>"; };
		F2AEE0C328FB0B780068B9E9 /* Drawing.swift */ = {isa = PBXFileReference; lastKnownFileType = sourcecode.swift; path = Drawing.swift; sourceTree = "<group>"; };
		F2AEE0C628FB0E530068B9E9 /* StyleApplying.swift */ = {isa = PBXFileReference; lastKnownFileType = sourcecode.swift; path = StyleApplying.swift; sourceTree = "<group>"; };
		F2AEE0C828FB0E7B0068B9E9 /* Color.swift */ = {isa = PBXFileReference; lastKnownFileType = sourcecode.swift; path = Color.swift; sourceTree = "<group>"; };
		F2B5F93328FBBF1300D5BE2F /* Selectable.swift */ = {isa = PBXFileReference; lastKnownFileType = sourcecode.swift; path = Selectable.swift; sourceTree = "<group>"; };
/* End PBXFileReference section */

/* Begin PBXFrameworksBuildPhase section */
		83A846DA28725EFA00C777B1 /* Frameworks */ = {
			isa = PBXFrameworksBuildPhase;
			buildActionMask = 2147483647;
			files = (
			);
			runOnlyForDeploymentPostprocessing = 0;
		};
		83A846F028725EFF00C777B1 /* Frameworks */ = {
			isa = PBXFrameworksBuildPhase;
			buildActionMask = 2147483647;
			files = (
			);
			runOnlyForDeploymentPostprocessing = 0;
		};
		83A846FA28725EFF00C777B1 /* Frameworks */ = {
			isa = PBXFrameworksBuildPhase;
			buildActionMask = 2147483647;
			files = (
			);
			runOnlyForDeploymentPostprocessing = 0;
		};
/* End PBXFrameworksBuildPhase section */

/* Begin PBXGroup section */
		83A846D428725EF900C777B1 = {
			isa = PBXGroup;
			children = (
				83A846DF28725EFA00C777B1 /* swift-drawingapp */,
				83A846F628725EFF00C777B1 /* swift-drawingappTests */,
				83A8470028725EFF00C777B1 /* swift-drawingappUITests */,
				83A846DE28725EFA00C777B1 /* Products */,
			);
			sourceTree = "<group>";
		};
		83A846DE28725EFA00C777B1 /* Products */ = {
			isa = PBXGroup;
			children = (
				83A846DD28725EFA00C777B1 /* swift-drawingapp.app */,
				83A846F328725EFF00C777B1 /* swift-drawingappTests.xctest */,
				83A846FD28725EFF00C777B1 /* swift-drawingappUITests.xctest */,
			);
			name = Products;
			sourceTree = "<group>";
		};
		83A846DF28725EFA00C777B1 /* swift-drawingapp */ = {
			isa = PBXGroup;
			children = (
				83A846E028725EFA00C777B1 /* AppDelegate.swift */,
				83A846E228725EFA00C777B1 /* SceneDelegate.swift */,
				83A846E428725EFA00C777B1 /* ViewController.swift */,
				F2AEE0C228FB0B3C0068B9E9 /* Source */,
				83A846E628725EFA00C777B1 /* Main.storyboard */,
				83A846E928725EFE00C777B1 /* Assets.xcassets */,
				83A846EB28725EFE00C777B1 /* LaunchScreen.storyboard */,
				83A846EE28725EFE00C777B1 /* Info.plist */,
			);
			path = "swift-drawingapp";
			sourceTree = "<group>";
		};
		83A846F628725EFF00C777B1 /* swift-drawingappTests */ = {
			isa = PBXGroup;
			children = (
				83A846F728725EFF00C777B1 /* swift_drawingappTests.swift */,
			);
			path = "swift-drawingappTests";
			sourceTree = "<group>";
		};
		83A8470028725EFF00C777B1 /* swift-drawingappUITests */ = {
			isa = PBXGroup;
			children = (
				83A8470128725EFF00C777B1 /* swift_drawingappUITests.swift */,
				83A8470328725EFF00C777B1 /* swift_drawingappUITestsLaunchTests.swift */,
			);
			path = "swift-drawingappUITests";
			sourceTree = "<group>";
		};
		F2AEE0C228FB0B3C0068B9E9 /* Source */ = {
			isa = PBXGroup;
			children = (
				F2AEE0BE28FB066C0068B9E9 /* Canvas.swift */,
				F2AEE0C028FB07C10068B9E9 /* Shape.swift */,
				F2B5F93328FBBF1300D5BE2F /* Selectable.swift */,
				F2AEE0C628FB0E530068B9E9 /* StyleApplying.swift */,
				F2AEE0B828FB04C60068B9E9 /* Rectangle.swift */,
				F2AEE0C328FB0B780068B9E9 /* Drawing.swift */,
				F2AEE0C528FB0D650068B9E9 /* Structures */,
			);
			path = Source;
			sourceTree = "<group>";
		};
		F2AEE0C528FB0D650068B9E9 /* Structures */ = {
			isa = PBXGroup;
			children = (
				F2AEE0BA28FB05C30068B9E9 /* Point.swift */,
				F2AEE0C828FB0E7B0068B9E9 /* Color.swift */,
				F2AEE0BC28FB05F40068B9E9 /* Size.swift */,
			);
			path = Structures;
			sourceTree = "<group>";
		};
/* End PBXGroup section */

/* Begin PBXNativeTarget section */
		83A846DC28725EFA00C777B1 /* swift-drawingapp */ = {
			isa = PBXNativeTarget;
			buildConfigurationList = 83A8470728725EFF00C777B1 /* Build configuration list for PBXNativeTarget "swift-drawingapp" */;
			buildPhases = (
				83A846D928725EFA00C777B1 /* Sources */,
				83A846DA28725EFA00C777B1 /* Frameworks */,
				83A846DB28725EFA00C777B1 /* Resources */,
			);
			buildRules = (
			);
			dependencies = (
			);
			name = "swift-drawingapp";
			productName = "swift-drawingapp";
			productReference = 83A846DD28725EFA00C777B1 /* swift-drawingapp.app */;
			productType = "com.apple.product-type.application";
		};
		83A846F228725EFF00C777B1 /* swift-drawingappTests */ = {
			isa = PBXNativeTarget;
			buildConfigurationList = 83A8470A28725EFF00C777B1 /* Build configuration list for PBXNativeTarget "swift-drawingappTests" */;
			buildPhases = (
				83A846EF28725EFF00C777B1 /* Sources */,
				83A846F028725EFF00C777B1 /* Frameworks */,
				83A846F128725EFF00C777B1 /* Resources */,
			);
			buildRules = (
			);
			dependencies = (
				83A846F528725EFF00C777B1 /* PBXTargetDependency */,
			);
			name = "swift-drawingappTests";
			productName = "swift-drawingappTests";
			productReference = 83A846F328725EFF00C777B1 /* swift-drawingappTests.xctest */;
			productType = "com.apple.product-type.bundle.unit-test";
		};
		83A846FC28725EFF00C777B1 /* swift-drawingappUITests */ = {
			isa = PBXNativeTarget;
			buildConfigurationList = 83A8470D28725EFF00C777B1 /* Build configuration list for PBXNativeTarget "swift-drawingappUITests" */;
			buildPhases = (
				83A846F928725EFF00C777B1 /* Sources */,
				83A846FA28725EFF00C777B1 /* Frameworks */,
				83A846FB28725EFF00C777B1 /* Resources */,
			);
			buildRules = (
			);
			dependencies = (
				83A846FF28725EFF00C777B1 /* PBXTargetDependency */,
			);
			name = "swift-drawingappUITests";
			productName = "swift-drawingappUITests";
			productReference = 83A846FD28725EFF00C777B1 /* swift-drawingappUITests.xctest */;
			productType = "com.apple.product-type.bundle.ui-testing";
		};
/* End PBXNativeTarget section */

/* Begin PBXProject section */
		83A846D528725EF900C777B1 /* Project object */ = {
			isa = PBXProject;
			attributes = {
				BuildIndependentTargetsInParallel = 1;
				LastSwiftUpdateCheck = 1340;
				LastUpgradeCheck = 1340;
				TargetAttributes = {
					83A846DC28725EFA00C777B1 = {
						CreatedOnToolsVersion = 13.4.1;
					};
					83A846F228725EFF00C777B1 = {
						CreatedOnToolsVersion = 13.4.1;
						TestTargetID = 83A846DC28725EFA00C777B1;
					};
					83A846FC28725EFF00C777B1 = {
						CreatedOnToolsVersion = 13.4.1;
						TestTargetID = 83A846DC28725EFA00C777B1;
					};
				};
			};
			buildConfigurationList = 83A846D828725EF900C777B1 /* Build configuration list for PBXProject "swift-drawingapp" */;
			compatibilityVersion = "Xcode 13.0";
			developmentRegion = en;
			hasScannedForEncodings = 0;
			knownRegions = (
				en,
				Base,
			);
			mainGroup = 83A846D428725EF900C777B1;
			productRefGroup = 83A846DE28725EFA00C777B1 /* Products */;
			projectDirPath = "";
			projectRoot = "";
			targets = (
				83A846DC28725EFA00C777B1 /* swift-drawingapp */,
				83A846F228725EFF00C777B1 /* swift-drawingappTests */,
				83A846FC28725EFF00C777B1 /* swift-drawingappUITests */,
			);
		};
/* End PBXProject section */

/* Begin PBXResourcesBuildPhase section */
		83A846DB28725EFA00C777B1 /* Resources */ = {
			isa = PBXResourcesBuildPhase;
			buildActionMask = 2147483647;
			files = (
				83A846ED28725EFE00C777B1 /* LaunchScreen.storyboard in Resources */,
				83A846EA28725EFE00C777B1 /* Assets.xcassets in Resources */,
				83A846E828725EFA00C777B1 /* Main.storyboard in Resources */,
			);
			runOnlyForDeploymentPostprocessing = 0;
		};
		83A846F128725EFF00C777B1 /* Resources */ = {
			isa = PBXResourcesBuildPhase;
			buildActionMask = 2147483647;
			files = (
			);
			runOnlyForDeploymentPostprocessing = 0;
		};
		83A846FB28725EFF00C777B1 /* Resources */ = {
			isa = PBXResourcesBuildPhase;
			buildActionMask = 2147483647;
			files = (
			);
			runOnlyForDeploymentPostprocessing = 0;
		};
/* End PBXResourcesBuildPhase section */

/* Begin PBXSourcesBuildPhase section */
		83A846D928725EFA00C777B1 /* Sources */ = {
			isa = PBXSourcesBuildPhase;
			buildActionMask = 2147483647;
			files = (
				F2AEE0BF28FB066C0068B9E9 /* Canvas.swift in Sources */,
				F2AEE0C728FB0E530068B9E9 /* StyleApplying.swift in Sources */,
				F2AEE0C928FB0E7B0068B9E9 /* Color.swift in Sources */,
				F2B5F93428FBBF1300D5BE2F /* Selectable.swift in Sources */,
				83A846E528725EFA00C777B1 /* ViewController.swift in Sources */,
				F2AEE0BB28FB05C40068B9E9 /* Point.swift in Sources */,
				83A846E128725EFA00C777B1 /* AppDelegate.swift in Sources */,
				83A846E328725EFA00C777B1 /* SceneDelegate.swift in Sources */,
				F2AEE0BD28FB05F40068B9E9 /* Size.swift in Sources */,
				F2AEE0C428FB0B780068B9E9 /* Drawing.swift in Sources */,
				F2AEE0B928FB04C60068B9E9 /* Rectangle.swift in Sources */,
				F2AEE0C128FB07C10068B9E9 /* Shape.swift in Sources */,
			);
			runOnlyForDeploymentPostprocessing = 0;
		};
		83A846EF28725EFF00C777B1 /* Sources */ = {
			isa = PBXSourcesBuildPhase;
			buildActionMask = 2147483647;
			files = (
				83A846F828725EFF00C777B1 /* swift_drawingappTests.swift in Sources */,
			);
			runOnlyForDeploymentPostprocessing = 0;
		};
		83A846F928725EFF00C777B1 /* Sources */ = {
			isa = PBXSourcesBuildPhase;
			buildActionMask = 2147483647;
			files = (
				83A8470228725EFF00C777B1 /* swift_drawingappUITests.swift in Sources */,
				83A8470428725EFF00C777B1 /* swift_drawingappUITestsLaunchTests.swift in Sources */,
			);
			runOnlyForDeploymentPostprocessing = 0;
		};
/* End PBXSourcesBuildPhase section */

/* Begin PBXTargetDependency section */
		83A846F528725EFF00C777B1 /* PBXTargetDependency */ = {
			isa = PBXTargetDependency;
			target = 83A846DC28725EFA00C777B1 /* swift-drawingapp */;
			targetProxy = 83A846F428725EFF00C777B1 /* PBXContainerItemProxy */;
		};
		83A846FF28725EFF00C777B1 /* PBXTargetDependency */ = {
			isa = PBXTargetDependency;
			target = 83A846DC28725EFA00C777B1 /* swift-drawingapp */;
			targetProxy = 83A846FE28725EFF00C777B1 /* PBXContainerItemProxy */;
		};
/* End PBXTargetDependency section */

/* Begin PBXVariantGroup section */
		83A846E628725EFA00C777B1 /* Main.storyboard */ = {
			isa = PBXVariantGroup;
			children = (
				83A846E728725EFA00C777B1 /* Base */,
			);
			name = Main.storyboard;
			sourceTree = "<group>";
		};
		83A846EB28725EFE00C777B1 /* LaunchScreen.storyboard */ = {
			isa = PBXVariantGroup;
			children = (
				83A846EC28725EFE00C777B1 /* Base */,
			);
			name = LaunchScreen.storyboard;
			sourceTree = "<group>";
		};
/* End PBXVariantGroup section */

/* Begin XCBuildConfiguration section */
		83A8470528725EFF00C777B1 /* Debug */ = {
			isa = XCBuildConfiguration;
			buildSettings = {
				ALWAYS_SEARCH_USER_PATHS = NO;
				CLANG_ANALYZER_NONNULL = YES;
				CLANG_ANALYZER_NUMBER_OBJECT_CONVERSION = YES_AGGRESSIVE;
				CLANG_CXX_LANGUAGE_STANDARD = "gnu++17";
				CLANG_ENABLE_MODULES = YES;
				CLANG_ENABLE_OBJC_ARC = YES;
				CLANG_ENABLE_OBJC_WEAK = YES;
				CLANG_WARN_BLOCK_CAPTURE_AUTORELEASING = YES;
				CLANG_WARN_BOOL_CONVERSION = YES;
				CLANG_WARN_COMMA = YES;
				CLANG_WARN_CONSTANT_CONVERSION = YES;
				CLANG_WARN_DEPRECATED_OBJC_IMPLEMENTATIONS = YES;
				CLANG_WARN_DIRECT_OBJC_ISA_USAGE = YES_ERROR;
				CLANG_WARN_DOCUMENTATION_COMMENTS = YES;
				CLANG_WARN_EMPTY_BODY = YES;
				CLANG_WARN_ENUM_CONVERSION = YES;
				CLANG_WARN_INFINITE_RECURSION = YES;
				CLANG_WARN_INT_CONVERSION = YES;
				CLANG_WARN_NON_LITERAL_NULL_CONVERSION = YES;
				CLANG_WARN_OBJC_IMPLICIT_RETAIN_SELF = YES;
				CLANG_WARN_OBJC_LITERAL_CONVERSION = YES;
				CLANG_WARN_OBJC_ROOT_CLASS = YES_ERROR;
				CLANG_WARN_QUOTED_INCLUDE_IN_FRAMEWORK_HEADER = YES;
				CLANG_WARN_RANGE_LOOP_ANALYSIS = YES;
				CLANG_WARN_STRICT_PROTOTYPES = YES;
				CLANG_WARN_SUSPICIOUS_MOVE = YES;
				CLANG_WARN_UNGUARDED_AVAILABILITY = YES_AGGRESSIVE;
				CLANG_WARN_UNREACHABLE_CODE = YES;
				CLANG_WARN__DUPLICATE_METHOD_MATCH = YES;
				COPY_PHASE_STRIP = NO;
				DEBUG_INFORMATION_FORMAT = dwarf;
				ENABLE_STRICT_OBJC_MSGSEND = YES;
				ENABLE_TESTABILITY = YES;
				GCC_C_LANGUAGE_STANDARD = gnu11;
				GCC_DYNAMIC_NO_PIC = NO;
				GCC_NO_COMMON_BLOCKS = YES;
				GCC_OPTIMIZATION_LEVEL = 0;
				GCC_PREPROCESSOR_DEFINITIONS = (
					"DEBUG=1",
					"$(inherited)",
				);
				GCC_WARN_64_TO_32_BIT_CONVERSION = YES;
				GCC_WARN_ABOUT_RETURN_TYPE = YES_ERROR;
				GCC_WARN_UNDECLARED_SELECTOR = YES;
				GCC_WARN_UNINITIALIZED_AUTOS = YES_AGGRESSIVE;
				GCC_WARN_UNUSED_FUNCTION = YES;
				GCC_WARN_UNUSED_VARIABLE = YES;
				IPHONEOS_DEPLOYMENT_TARGET = 15.5;
				MTL_ENABLE_DEBUG_INFO = INCLUDE_SOURCE;
				MTL_FAST_MATH = YES;
				ONLY_ACTIVE_ARCH = YES;
				SDKROOT = iphoneos;
				SWIFT_ACTIVE_COMPILATION_CONDITIONS = DEBUG;
				SWIFT_OPTIMIZATION_LEVEL = "-Onone";
			};
			name = Debug;
		};
		83A8470628725EFF00C777B1 /* Release */ = {
			isa = XCBuildConfiguration;
			buildSettings = {
				ALWAYS_SEARCH_USER_PATHS = NO;
				CLANG_ANALYZER_NONNULL = YES;
				CLANG_ANALYZER_NUMBER_OBJECT_CONVERSION = YES_AGGRESSIVE;
				CLANG_CXX_LANGUAGE_STANDARD = "gnu++17";
				CLANG_ENABLE_MODULES = YES;
				CLANG_ENABLE_OBJC_ARC = YES;
				CLANG_ENABLE_OBJC_WEAK = YES;
				CLANG_WARN_BLOCK_CAPTURE_AUTORELEASING = YES;
				CLANG_WARN_BOOL_CONVERSION = YES;
				CLANG_WARN_COMMA = YES;
				CLANG_WARN_CONSTANT_CONVERSION = YES;
				CLANG_WARN_DEPRECATED_OBJC_IMPLEMENTATIONS = YES;
				CLANG_WARN_DIRECT_OBJC_ISA_USAGE = YES_ERROR;
				CLANG_WARN_DOCUMENTATION_COMMENTS = YES;
				CLANG_WARN_EMPTY_BODY = YES;
				CLANG_WARN_ENUM_CONVERSION = YES;
				CLANG_WARN_INFINITE_RECURSION = YES;
				CLANG_WARN_INT_CONVERSION = YES;
				CLANG_WARN_NON_LITERAL_NULL_CONVERSION = YES;
				CLANG_WARN_OBJC_IMPLICIT_RETAIN_SELF = YES;
				CLANG_WARN_OBJC_LITERAL_CONVERSION = YES;
				CLANG_WARN_OBJC_ROOT_CLASS = YES_ERROR;
				CLANG_WARN_QUOTED_INCLUDE_IN_FRAMEWORK_HEADER = YES;
				CLANG_WARN_RANGE_LOOP_ANALYSIS = YES;
				CLANG_WARN_STRICT_PROTOTYPES = YES;
				CLANG_WARN_SUSPICIOUS_MOVE = YES;
				CLANG_WARN_UNGUARDED_AVAILABILITY = YES_AGGRESSIVE;
				CLANG_WARN_UNREACHABLE_CODE = YES;
				CLANG_WARN__DUPLICATE_METHOD_MATCH = YES;
				COPY_PHASE_STRIP = NO;
				DEBUG_INFORMATION_FORMAT = "dwarf-with-dsym";
				ENABLE_NS_ASSERTIONS = NO;
				ENABLE_STRICT_OBJC_MSGSEND = YES;
				GCC_C_LANGUAGE_STANDARD = gnu11;
				GCC_NO_COMMON_BLOCKS = YES;
				GCC_WARN_64_TO_32_BIT_CONVERSION = YES;
				GCC_WARN_ABOUT_RETURN_TYPE = YES_ERROR;
				GCC_WARN_UNDECLARED_SELECTOR = YES;
				GCC_WARN_UNINITIALIZED_AUTOS = YES_AGGRESSIVE;
				GCC_WARN_UNUSED_FUNCTION = YES;
				GCC_WARN_UNUSED_VARIABLE = YES;
				IPHONEOS_DEPLOYMENT_TARGET = 15.5;
				MTL_ENABLE_DEBUG_INFO = NO;
				MTL_FAST_MATH = YES;
				SDKROOT = iphoneos;
				SWIFT_COMPILATION_MODE = wholemodule;
				SWIFT_OPTIMIZATION_LEVEL = "-O";
				VALIDATE_PRODUCT = YES;
			};
			name = Release;
		};
		83A8470828725EFF00C777B1 /* Debug */ = {
			isa = XCBuildConfiguration;
			buildSettings = {
				ASSETCATALOG_COMPILER_APPICON_NAME = AppIcon;
				ASSETCATALOG_COMPILER_GLOBAL_ACCENT_COLOR_NAME = AccentColor;
				CODE_SIGN_STYLE = Automatic;
				CURRENT_PROJECT_VERSION = 1;
				GENERATE_INFOPLIST_FILE = YES;
				INFOPLIST_FILE = "swift-drawingapp/Info.plist";
				INFOPLIST_KEY_UIApplicationSupportsIndirectInputEvents = YES;
				INFOPLIST_KEY_UILaunchStoryboardName = LaunchScreen;
				INFOPLIST_KEY_UIMainStoryboardFile = Main;
				INFOPLIST_KEY_UISupportedInterfaceOrientations_iPad = "UIInterfaceOrientationPortrait UIInterfaceOrientationPortraitUpsideDown UIInterfaceOrientationLandscapeLeft UIInterfaceOrientationLandscapeRight";
				INFOPLIST_KEY_UISupportedInterfaceOrientations_iPhone = "UIInterfaceOrientationPortrait UIInterfaceOrientationLandscapeLeft UIInterfaceOrientationLandscapeRight";
				LD_RUNPATH_SEARCH_PATHS = (
					"$(inherited)",
					"@executable_path/Frameworks",
				);
				MARKETING_VERSION = 1.0;
				PRODUCT_BUNDLE_IDENTIFIER = "com.kakaocorp.swift-drawingapp";
				PRODUCT_NAME = "$(TARGET_NAME)";
				SWIFT_EMIT_LOC_STRINGS = YES;
				SWIFT_VERSION = 5.0;
				TARGETED_DEVICE_FAMILY = 2;
			};
			name = Debug;
		};
		83A8470928725EFF00C777B1 /* Release */ = {
			isa = XCBuildConfiguration;
			buildSettings = {
				ASSETCATALOG_COMPILER_APPICON_NAME = AppIcon;
				ASSETCATALOG_COMPILER_GLOBAL_ACCENT_COLOR_NAME = AccentColor;
				CODE_SIGN_STYLE = Automatic;
				CURRENT_PROJECT_VERSION = 1;
				GENERATE_INFOPLIST_FILE = YES;
				INFOPLIST_FILE = "swift-drawingapp/Info.plist";
				INFOPLIST_KEY_UIApplicationSupportsIndirectInputEvents = YES;
				INFOPLIST_KEY_UILaunchStoryboardName = LaunchScreen;
				INFOPLIST_KEY_UIMainStoryboardFile = Main;
				INFOPLIST_KEY_UISupportedInterfaceOrientations_iPad = "UIInterfaceOrientationPortrait UIInterfaceOrientationPortraitUpsideDown UIInterfaceOrientationLandscapeLeft UIInterfaceOrientationLandscapeRight";
				INFOPLIST_KEY_UISupportedInterfaceOrientations_iPhone = "UIInterfaceOrientationPortrait UIInterfaceOrientationLandscapeLeft UIInterfaceOrientationLandscapeRight";
				LD_RUNPATH_SEARCH_PATHS = (
					"$(inherited)",
					"@executable_path/Frameworks",
				);
				MARKETING_VERSION = 1.0;
				PRODUCT_BUNDLE_IDENTIFIER = "com.kakaocorp.swift-drawingapp";
				PRODUCT_NAME = "$(TARGET_NAME)";
				SWIFT_EMIT_LOC_STRINGS = YES;
				SWIFT_VERSION = 5.0;
				TARGETED_DEVICE_FAMILY = 2;
			};
			name = Release;
		};
		83A8470B28725EFF00C777B1 /* Debug */ = {
			isa = XCBuildConfiguration;
			buildSettings = {
				ALWAYS_EMBED_SWIFT_STANDARD_LIBRARIES = YES;
				BUNDLE_LOADER = "$(TEST_HOST)";
				CODE_SIGN_STYLE = Automatic;
				CURRENT_PROJECT_VERSION = 1;
				GENERATE_INFOPLIST_FILE = YES;
				IPHONEOS_DEPLOYMENT_TARGET = 15.5;
				MARKETING_VERSION = 1.0;
				PRODUCT_BUNDLE_IDENTIFIER = "com.kakaocorp.swift-drawingappTests";
				PRODUCT_NAME = "$(TARGET_NAME)";
				SWIFT_EMIT_LOC_STRINGS = NO;
				SWIFT_VERSION = 5.0;
				TARGETED_DEVICE_FAMILY = "1,2";
				TEST_HOST = "$(BUILT_PRODUCTS_DIR)/swift-drawingapp.app/swift-drawingapp";
			};
			name = Debug;
		};
		83A8470C28725EFF00C777B1 /* Release */ = {
			isa = XCBuildConfiguration;
			buildSettings = {
				ALWAYS_EMBED_SWIFT_STANDARD_LIBRARIES = YES;
				BUNDLE_LOADER = "$(TEST_HOST)";
				CODE_SIGN_STYLE = Automatic;
				CURRENT_PROJECT_VERSION = 1;
				GENERATE_INFOPLIST_FILE = YES;
				IPHONEOS_DEPLOYMENT_TARGET = 15.5;
				MARKETING_VERSION = 1.0;
				PRODUCT_BUNDLE_IDENTIFIER = "com.kakaocorp.swift-drawingappTests";
				PRODUCT_NAME = "$(TARGET_NAME)";
				SWIFT_EMIT_LOC_STRINGS = NO;
				SWIFT_VERSION = 5.0;
				TARGETED_DEVICE_FAMILY = "1,2";
				TEST_HOST = "$(BUILT_PRODUCTS_DIR)/swift-drawingapp.app/swift-drawingapp";
			};
			name = Release;
		};
		83A8470E28725EFF00C777B1 /* Debug */ = {
			isa = XCBuildConfiguration;
			buildSettings = {
				ALWAYS_EMBED_SWIFT_STANDARD_LIBRARIES = YES;
				CODE_SIGN_STYLE = Automatic;
				CURRENT_PROJECT_VERSION = 1;
				GENERATE_INFOPLIST_FILE = YES;
				MARKETING_VERSION = 1.0;
				PRODUCT_BUNDLE_IDENTIFIER = "com.kakaocorp.swift-drawingappUITests";
				PRODUCT_NAME = "$(TARGET_NAME)";
				SWIFT_EMIT_LOC_STRINGS = NO;
				SWIFT_VERSION = 5.0;
				TARGETED_DEVICE_FAMILY = "1,2";
				TEST_TARGET_NAME = "swift-drawingapp";
			};
			name = Debug;
		};
		83A8470F28725EFF00C777B1 /* Release */ = {
			isa = XCBuildConfiguration;
			buildSettings = {
				ALWAYS_EMBED_SWIFT_STANDARD_LIBRARIES = YES;
				CODE_SIGN_STYLE = Automatic;
				CURRENT_PROJECT_VERSION = 1;
				GENERATE_INFOPLIST_FILE = YES;
				MARKETING_VERSION = 1.0;
				PRODUCT_BUNDLE_IDENTIFIER = "com.kakaocorp.swift-drawingappUITests";
				PRODUCT_NAME = "$(TARGET_NAME)";
				SWIFT_EMIT_LOC_STRINGS = NO;
				SWIFT_VERSION = 5.0;
				TARGETED_DEVICE_FAMILY = "1,2";
				TEST_TARGET_NAME = "swift-drawingapp";
			};
			name = Release;
		};
/* End XCBuildConfiguration section */

/* Begin XCConfigurationList section */
		83A846D828725EF900C777B1 /* Build configuration list for PBXProject "swift-drawingapp" */ = {
			isa = XCConfigurationList;
			buildConfigurations = (
				83A8470528725EFF00C777B1 /* Debug */,
				83A8470628725EFF00C777B1 /* Release */,
			);
			defaultConfigurationIsVisible = 0;
			defaultConfigurationName = Release;
		};
		83A8470728725EFF00C777B1 /* Build configuration list for PBXNativeTarget "swift-drawingapp" */ = {
			isa = XCConfigurationList;
			buildConfigurations = (
				83A8470828725EFF00C777B1 /* Debug */,
				83A8470928725EFF00C777B1 /* Release */,
			);
			defaultConfigurationIsVisible = 0;
			defaultConfigurationName = Release;
		};
		83A8470A28725EFF00C777B1 /* Build configuration list for PBXNativeTarget "swift-drawingappTests" */ = {
			isa = XCConfigurationList;
			buildConfigurations = (
				83A8470B28725EFF00C777B1 /* Debug */,
				83A8470C28725EFF00C777B1 /* Release */,
			);
			defaultConfigurationIsVisible = 0;
			defaultConfigurationName = Release;
		};
		83A8470D28725EFF00C777B1 /* Build configuration list for PBXNativeTarget "swift-drawingappUITests" */ = {
			isa = XCConfigurationList;
			buildConfigurations = (
				83A8470E28725EFF00C777B1 /* Debug */,
				83A8470F28725EFF00C777B1 /* Release */,
			);
			defaultConfigurationIsVisible = 0;
			defaultConfigurationName = Release;
		};
/* End XCConfigurationList section */
	};
	rootObject = 83A846D528725EF900C777B1 /* Project object */;
}
