// !$*UTF8*$!
{
	archiveVersion = 1;
	classes = {
	};
	objectVersion = 55;
	objects = {

/* Begin PBXBuildFile section */
		1C000E9B2905299F006E83CE /* String+Extensions.swift in Sources */ = {isa = PBXBuildFile; fileRef = 1C000E9A2905299F006E83CE /* String+Extensions.swift */; };
		1C000E9D290529AB006E83CE /* CGPoint+Extensions.swift in Sources */ = {isa = PBXBuildFile; fileRef = 1C000E9C290529AB006E83CE /* CGPoint+Extensions.swift */; };
		1C000E9F290529B6006E83CE /* CGSize+Extensions.swift in Sources */ = {isa = PBXBuildFile; fileRef = 1C000E9E290529B6006E83CE /* CGSize+Extensions.swift */; };
		1C000EA129053228006E83CE /* Rectangle.swift in Sources */ = {isa = PBXBuildFile; fileRef = 1C000EA029053228006E83CE /* Rectangle.swift */; };
		1C000EA329054CF7006E83CE /* ItemSelectionUseCase.swift in Sources */ = {isa = PBXBuildFile; fileRef = 1C000EA229054CF7006E83CE /* ItemSelectionUseCase.swift */; };
		1C000EA729056285006E83CE /* Rect.swift in Sources */ = {isa = PBXBuildFile; fileRef = 1C000EA629056285006E83CE /* Rect.swift */; };
		1C000EAC2906E393006E83CE /* ChatServer.swift in Sources */ = {isa = PBXBuildFile; fileRef = 1C000EAB2906E393006E83CE /* ChatServer.swift */; };
		1C000EAF2906F20D006E83CE /* SyncTool.swift in Sources */ = {isa = PBXBuildFile; fileRef = 1C000EAE2906F20D006E83CE /* SyncTool.swift */; };
		1C000EB12906F3E2006E83CE /* LoginViewController.storyboard in Resources */ = {isa = PBXBuildFile; fileRef = 1C000EB02906F3E2006E83CE /* LoginViewController.storyboard */; };
		1C000EB32906F575006E83CE /* LoginViewController.swift in Sources */ = {isa = PBXBuildFile; fileRef = 1C000EB22906F575006E83CE /* LoginViewController.swift */; };
		1C55E71228FC66ED009949C8 /* CanvasView.swift in Sources */ = {isa = PBXBuildFile; fileRef = 1C55E71128FC66ED009949C8 /* CanvasView.swift */; };
		1C55E71428FC6B73009949C8 /* Tool.swift in Sources */ = {isa = PBXBuildFile; fileRef = 1C55E71328FC6B73009949C8 /* Tool.swift */; };
		1C55E71628FC6B7F009949C8 /* ToolBarView.swift in Sources */ = {isa = PBXBuildFile; fileRef = 1C55E71528FC6B7F009949C8 /* ToolBarView.swift */; };
		1C55E71828FC6FD2009949C8 /* PolygonTool.swift in Sources */ = {isa = PBXBuildFile; fileRef = 1C55E71728FC6FD2009949C8 /* PolygonTool.swift */; };
		1C55E71A28FC6FE2009949C8 /* InkTool.swift in Sources */ = {isa = PBXBuildFile; fileRef = 1C55E71928FC6FE2009949C8 /* InkTool.swift */; };
		1C55E71E28FD927C009949C8 /* Drawing.swift in Sources */ = {isa = PBXBuildFile; fileRef = 1C55E71D28FD927C009949C8 /* Drawing.swift */; };
		1C55E72228FD9307009949C8 /* Item.swift in Sources */ = {isa = PBXBuildFile; fileRef = 1C55E72128FD9307009949C8 /* Item.swift */; };
		1C55E72428FD9552009949C8 /* PolygonDrawingUseCase.swift in Sources */ = {isa = PBXBuildFile; fileRef = 1C55E72328FD9552009949C8 /* PolygonDrawingUseCase.swift */; };
		1C55E72628FD9569009949C8 /* InkDrawingUseCase.swift in Sources */ = {isa = PBXBuildFile; fileRef = 1C55E72528FD9569009949C8 /* InkDrawingUseCase.swift */; };
		1C55E72828FD97EE009949C8 /* RectangleView.swift in Sources */ = {isa = PBXBuildFile; fileRef = 1C55E72728FD97EE009949C8 /* RectangleView.swift */; };
		1C55E72A28FD982D009949C8 /* Stroke.swift in Sources */ = {isa = PBXBuildFile; fileRef = 1C55E72928FD982D009949C8 /* Stroke.swift */; };
		1C55E73428FDA281009949C8 /* UIInfo.swift in Sources */ = {isa = PBXBuildFile; fileRef = 1C55E73328FDA281009949C8 /* UIInfo.swift */; };
		1C55E73628FDA314009949C8 /* LayoutInfo.swift in Sources */ = {isa = PBXBuildFile; fileRef = 1C55E73528FDA314009949C8 /* LayoutInfo.swift */; };
		1C55E73C28FDB16D009949C8 /* CanvasViewModel.swift in Sources */ = {isa = PBXBuildFile; fileRef = 1C55E73B28FDB16D009949C8 /* CanvasViewModel.swift */; };
		1C78888A2905231A005562F8 /* ToolInfo.swift in Sources */ = {isa = PBXBuildFile; fileRef = 1C7888892905231A005562F8 /* ToolInfo.swift */; };
		1C78888C2905247D005562F8 /* ToolSelectionUseCase.swift in Sources */ = {isa = PBXBuildFile; fileRef = 1C78888B2905247D005562F8 /* ToolSelectionUseCase.swift */; };
		1C7D7C59290EE522008BBF5F /* Notification+Extensions.swift in Sources */ = {isa = PBXBuildFile; fileRef = 1C7D7C58290EE522008BBF5F /* Notification+Extensions.swift */; };
		1C7D7C5B290EE66B008BBF5F /* UserCommand.swift in Sources */ = {isa = PBXBuildFile; fileRef = 1C7D7C5A290EE66B008BBF5F /* UserCommand.swift */; };
		1C7D7C5D290EE67A008BBF5F /* UserCommandResponse.swift in Sources */ = {isa = PBXBuildFile; fileRef = 1C7D7C5C290EE67A008BBF5F /* UserCommandResponse.swift */; };
		1CBC50E4290EAF940046E564 /* PolygonDrawingPresenterPort.swift in Sources */ = {isa = PBXBuildFile; fileRef = 1CBC50E3290EAF940046E564 /* PolygonDrawingPresenterPort.swift */; };
		1CBC50E6290EB31F0046E564 /* InkDrawingPresenterPort.swift in Sources */ = {isa = PBXBuildFile; fileRef = 1CBC50E5290EB31F0046E564 /* InkDrawingPresenterPort.swift */; };
		1CBC50E8290EB3270046E564 /* ToolSelectionPresenterPort.swift in Sources */ = {isa = PBXBuildFile; fileRef = 1CBC50E7290EB3270046E564 /* ToolSelectionPresenterPort.swift */; };
		1CBC50EA290EB3300046E564 /* ItemSelectionPresenterPort.swift in Sources */ = {isa = PBXBuildFile; fileRef = 1CBC50E9290EB3300046E564 /* ItemSelectionPresenterPort.swift */; };
		1CBC50EC290EBF9A0046E564 /* SelectionOrDrawingUseCase.swift in Sources */ = {isa = PBXBuildFile; fileRef = 1CBC50EB290EBF9A0046E564 /* SelectionOrDrawingUseCase.swift */; };
		1CBC50EE290EC5E90046E564 /* PolygonDrawingUseCaseTests.swift in Sources */ = {isa = PBXBuildFile; fileRef = 1CBC50ED290EC5E90046E564 /* PolygonDrawingUseCaseTests.swift */; };
		1CBC50F0290EC5F30046E564 /* InkDrawingUseCaseTests.swift in Sources */ = {isa = PBXBuildFile; fileRef = 1CBC50EF290EC5F30046E564 /* InkDrawingUseCaseTests.swift */; };
		1CBC50F2290EC5FE0046E564 /* ToolSelectionUseCaseTests.swift in Sources */ = {isa = PBXBuildFile; fileRef = 1CBC50F1290EC5FE0046E564 /* ToolSelectionUseCaseTests.swift */; };
		1CBC50F4290EC6080046E564 /* ItemSelectionUseCaseTests.swift in Sources */ = {isa = PBXBuildFile; fileRef = 1CBC50F3290EC6080046E564 /* ItemSelectionUseCaseTests.swift */; };
		1CBC50F6290EC62D0046E564 /* DrawingOrSelectionUseCaseTests.swift in Sources */ = {isa = PBXBuildFile; fileRef = 1CBC50F5290EC62D0046E564 /* DrawingOrSelectionUseCaseTests.swift */; };
		1CBC50F9290EDD310046E564 /* ChatRepository.swift in Sources */ = {isa = PBXBuildFile; fileRef = 1CBC50F8290EDD310046E564 /* ChatRepository.swift */; };
		1CBC50FF290EDF480046E564 /* SyncUseCase.swift in Sources */ = {isa = PBXBuildFile; fileRef = 1CBC50FE290EDF480046E564 /* SyncUseCase.swift */; };
		1CBC5101290EE1410046E564 /* ChatRepositoryPort.swift in Sources */ = {isa = PBXBuildFile; fileRef = 1CBC5100290EE1410046E564 /* ChatRepositoryPort.swift */; };
		1CC17D0D2907B627008137F0 /* UIColor+Extensions.swift in Sources */ = {isa = PBXBuildFile; fileRef = 1CC17D0C2907B627008137F0 /* UIColor+Extensions.swift */; };
		1CC17D0F2907B7AC008137F0 /* CGColor+Extensions.swift in Sources */ = {isa = PBXBuildFile; fileRef = 1CC17D0E2907B7AC008137F0 /* CGColor+Extensions.swift */; };
		1CC17D112907BA73008137F0 /* User.swift in Sources */ = {isa = PBXBuildFile; fileRef = 1CC17D102907BA73008137F0 /* User.swift */; };
		1CC2E9F528FEEE6900D5234F /* Ink.swift in Sources */ = {isa = PBXBuildFile; fileRef = 1CC2E9F428FEEE6900D5234F /* Ink.swift */; };
		1CC2E9FE28FEFA1400D5234F /* Global.swift in Sources */ = {isa = PBXBuildFile; fileRef = 1CC2E9FD28FEFA1400D5234F /* Global.swift */; };
		1CC2EA0028FEFAC900D5234F /* Point.swift in Sources */ = {isa = PBXBuildFile; fileRef = 1CC2E9FF28FEFAC900D5234F /* Point.swift */; };
		1CC2EA0228FEFACD00D5234F /* Size.swift in Sources */ = {isa = PBXBuildFile; fileRef = 1CC2EA0128FEFACD00D5234F /* Size.swift */; };
		83A846E128725EFA00C777B1 /* AppDelegate.swift in Sources */ = {isa = PBXBuildFile; fileRef = 83A846E028725EFA00C777B1 /* AppDelegate.swift */; };
		83A846E328725EFA00C777B1 /* SceneDelegate.swift in Sources */ = {isa = PBXBuildFile; fileRef = 83A846E228725EFA00C777B1 /* SceneDelegate.swift */; };
		83A846E528725EFA00C777B1 /* CanvasViewController.swift in Sources */ = {isa = PBXBuildFile; fileRef = 83A846E428725EFA00C777B1 /* CanvasViewController.swift */; };
		83A846E828725EFA00C777B1 /* CanvasViewController.storyboard in Resources */ = {isa = PBXBuildFile; fileRef = 83A846E628725EFA00C777B1 /* CanvasViewController.storyboard */; };
		83A846EA28725EFE00C777B1 /* Assets.xcassets in Resources */ = {isa = PBXBuildFile; fileRef = 83A846E928725EFE00C777B1 /* Assets.xcassets */; };
		83A846ED28725EFE00C777B1 /* LaunchScreen.storyboard in Resources */ = {isa = PBXBuildFile; fileRef = 83A846EB28725EFE00C777B1 /* LaunchScreen.storyboard */; };
		83A846F828725EFF00C777B1 /* CanvasViewModelTests.swift in Sources */ = {isa = PBXBuildFile; fileRef = 83A846F728725EFF00C777B1 /* CanvasViewModelTests.swift */; };
/* End PBXBuildFile section */

/* Begin PBXContainerItemProxy section */
		83A846F428725EFF00C777B1 /* PBXContainerItemProxy */ = {
			isa = PBXContainerItemProxy;
			containerPortal = 83A846D528725EF900C777B1 /* Project object */;
			proxyType = 1;
			remoteGlobalIDString = 83A846DC28725EFA00C777B1;
			remoteInfo = "swift-drawingapp";
		};
/* End PBXContainerItemProxy section */

/* Begin PBXFileReference section */
		1C000E9A2905299F006E83CE /* String+Extensions.swift */ = {isa = PBXFileReference; lastKnownFileType = sourcecode.swift; path = "String+Extensions.swift"; sourceTree = "<group>"; };
		1C000E9C290529AB006E83CE /* CGPoint+Extensions.swift */ = {isa = PBXFileReference; lastKnownFileType = sourcecode.swift; path = "CGPoint+Extensions.swift"; sourceTree = "<group>"; };
		1C000E9E290529B6006E83CE /* CGSize+Extensions.swift */ = {isa = PBXFileReference; lastKnownFileType = sourcecode.swift; path = "CGSize+Extensions.swift"; sourceTree = "<group>"; };
		1C000EA029053228006E83CE /* Rectangle.swift */ = {isa = PBXFileReference; lastKnownFileType = sourcecode.swift; path = Rectangle.swift; sourceTree = "<group>"; };
		1C000EA229054CF7006E83CE /* ItemSelectionUseCase.swift */ = {isa = PBXFileReference; lastKnownFileType = sourcecode.swift; path = ItemSelectionUseCase.swift; sourceTree = "<group>"; };
		1C000EA629056285006E83CE /* Rect.swift */ = {isa = PBXFileReference; lastKnownFileType = sourcecode.swift; path = Rect.swift; sourceTree = "<group>"; };
		1C000EAB2906E393006E83CE /* ChatServer.swift */ = {isa = PBXFileReference; lastKnownFileType = sourcecode.swift; path = ChatServer.swift; sourceTree = "<group>"; };
		1C000EAE2906F20D006E83CE /* SyncTool.swift */ = {isa = PBXFileReference; lastKnownFileType = sourcecode.swift; path = SyncTool.swift; sourceTree = "<group>"; };
		1C000EB02906F3E2006E83CE /* LoginViewController.storyboard */ = {isa = PBXFileReference; lastKnownFileType = file.storyboard; path = LoginViewController.storyboard; sourceTree = "<group>"; };
		1C000EB22906F575006E83CE /* LoginViewController.swift */ = {isa = PBXFileReference; lastKnownFileType = sourcecode.swift; path = LoginViewController.swift; sourceTree = "<group>"; };
		1C55E71128FC66ED009949C8 /* CanvasView.swift */ = {isa = PBXFileReference; lastKnownFileType = sourcecode.swift; path = CanvasView.swift; sourceTree = "<group>"; };
		1C55E71328FC6B73009949C8 /* Tool.swift */ = {isa = PBXFileReference; lastKnownFileType = sourcecode.swift; path = Tool.swift; sourceTree = "<group>"; };
		1C55E71528FC6B7F009949C8 /* ToolBarView.swift */ = {isa = PBXFileReference; lastKnownFileType = sourcecode.swift; path = ToolBarView.swift; sourceTree = "<group>"; };
		1C55E71728FC6FD2009949C8 /* PolygonTool.swift */ = {isa = PBXFileReference; lastKnownFileType = sourcecode.swift; path = PolygonTool.swift; sourceTree = "<group>"; };
		1C55E71928FC6FE2009949C8 /* InkTool.swift */ = {isa = PBXFileReference; lastKnownFileType = sourcecode.swift; path = InkTool.swift; sourceTree = "<group>"; };
		1C55E71D28FD927C009949C8 /* Drawing.swift */ = {isa = PBXFileReference; lastKnownFileType = sourcecode.swift; path = Drawing.swift; sourceTree = "<group>"; };
		1C55E72128FD9307009949C8 /* Item.swift */ = {isa = PBXFileReference; lastKnownFileType = sourcecode.swift; path = Item.swift; sourceTree = "<group>"; };
		1C55E72328FD9552009949C8 /* PolygonDrawingUseCase.swift */ = {isa = PBXFileReference; lastKnownFileType = sourcecode.swift; path = PolygonDrawingUseCase.swift; sourceTree = "<group>"; };
		1C55E72528FD9569009949C8 /* InkDrawingUseCase.swift */ = {isa = PBXFileReference; lastKnownFileType = sourcecode.swift; path = InkDrawingUseCase.swift; sourceTree = "<group>"; };
		1C55E72728FD97EE009949C8 /* RectangleView.swift */ = {isa = PBXFileReference; lastKnownFileType = sourcecode.swift; path = RectangleView.swift; sourceTree = "<group>"; };
		1C55E72928FD982D009949C8 /* Stroke.swift */ = {isa = PBXFileReference; lastKnownFileType = sourcecode.swift; path = Stroke.swift; sourceTree = "<group>"; };
		1C55E73328FDA281009949C8 /* UIInfo.swift */ = {isa = PBXFileReference; lastKnownFileType = sourcecode.swift; path = UIInfo.swift; sourceTree = "<group>"; };
		1C55E73528FDA314009949C8 /* LayoutInfo.swift */ = {isa = PBXFileReference; lastKnownFileType = sourcecode.swift; path = LayoutInfo.swift; sourceTree = "<group>"; };
		1C55E73B28FDB16D009949C8 /* CanvasViewModel.swift */ = {isa = PBXFileReference; lastKnownFileType = sourcecode.swift; path = CanvasViewModel.swift; sourceTree = "<group>"; };
		1C7888892905231A005562F8 /* ToolInfo.swift */ = {isa = PBXFileReference; lastKnownFileType = sourcecode.swift; path = ToolInfo.swift; sourceTree = "<group>"; };
		1C78888B2905247D005562F8 /* ToolSelectionUseCase.swift */ = {isa = PBXFileReference; lastKnownFileType = sourcecode.swift; path = ToolSelectionUseCase.swift; sourceTree = "<group>"; };
		1C7D7C58290EE522008BBF5F /* Notification+Extensions.swift */ = {isa = PBXFileReference; lastKnownFileType = sourcecode.swift; path = "Notification+Extensions.swift"; sourceTree = "<group>"; };
		1C7D7C5A290EE66B008BBF5F /* UserCommand.swift */ = {isa = PBXFileReference; lastKnownFileType = sourcecode.swift; path = UserCommand.swift; sourceTree = "<group>"; };
		1C7D7C5C290EE67A008BBF5F /* UserCommandResponse.swift */ = {isa = PBXFileReference; lastKnownFileType = sourcecode.swift; path = UserCommandResponse.swift; sourceTree = "<group>"; };
		1CBC50E3290EAF940046E564 /* PolygonDrawingPresenterPort.swift */ = {isa = PBXFileReference; lastKnownFileType = sourcecode.swift; path = PolygonDrawingPresenterPort.swift; sourceTree = "<group>"; };
		1CBC50E5290EB31F0046E564 /* InkDrawingPresenterPort.swift */ = {isa = PBXFileReference; lastKnownFileType = sourcecode.swift; path = InkDrawingPresenterPort.swift; sourceTree = "<group>"; };
		1CBC50E7290EB3270046E564 /* ToolSelectionPresenterPort.swift */ = {isa = PBXFileReference; lastKnownFileType = sourcecode.swift; path = ToolSelectionPresenterPort.swift; sourceTree = "<group>"; };
		1CBC50E9290EB3300046E564 /* ItemSelectionPresenterPort.swift */ = {isa = PBXFileReference; lastKnownFileType = sourcecode.swift; path = ItemSelectionPresenterPort.swift; sourceTree = "<group>"; };
		1CBC50EB290EBF9A0046E564 /* SelectionOrDrawingUseCase.swift */ = {isa = PBXFileReference; lastKnownFileType = sourcecode.swift; path = SelectionOrDrawingUseCase.swift; sourceTree = "<group>"; };
		1CBC50ED290EC5E90046E564 /* PolygonDrawingUseCaseTests.swift */ = {isa = PBXFileReference; lastKnownFileType = sourcecode.swift; path = PolygonDrawingUseCaseTests.swift; sourceTree = "<group>"; };
		1CBC50EF290EC5F30046E564 /* InkDrawingUseCaseTests.swift */ = {isa = PBXFileReference; lastKnownFileType = sourcecode.swift; path = InkDrawingUseCaseTests.swift; sourceTree = "<group>"; };
		1CBC50F1290EC5FE0046E564 /* ToolSelectionUseCaseTests.swift */ = {isa = PBXFileReference; lastKnownFileType = sourcecode.swift; path = ToolSelectionUseCaseTests.swift; sourceTree = "<group>"; };
		1CBC50F3290EC6080046E564 /* ItemSelectionUseCaseTests.swift */ = {isa = PBXFileReference; lastKnownFileType = sourcecode.swift; path = ItemSelectionUseCaseTests.swift; sourceTree = "<group>"; };
		1CBC50F5290EC62D0046E564 /* DrawingOrSelectionUseCaseTests.swift */ = {isa = PBXFileReference; lastKnownFileType = sourcecode.swift; path = DrawingOrSelectionUseCaseTests.swift; sourceTree = "<group>"; };
		1CBC50F8290EDD310046E564 /* ChatRepository.swift */ = {isa = PBXFileReference; lastKnownFileType = sourcecode.swift; path = ChatRepository.swift; sourceTree = "<group>"; };
		1CBC50FE290EDF480046E564 /* SyncUseCase.swift */ = {isa = PBXFileReference; lastKnownFileType = sourcecode.swift; path = SyncUseCase.swift; sourceTree = "<group>"; };
		1CBC5100290EE1410046E564 /* ChatRepositoryPort.swift */ = {isa = PBXFileReference; lastKnownFileType = sourcecode.swift; path = ChatRepositoryPort.swift; sourceTree = "<group>"; };
		1CC17D0C2907B627008137F0 /* UIColor+Extensions.swift */ = {isa = PBXFileReference; lastKnownFileType = sourcecode.swift; path = "UIColor+Extensions.swift"; sourceTree = "<group>"; };
		1CC17D0E2907B7AC008137F0 /* CGColor+Extensions.swift */ = {isa = PBXFileReference; lastKnownFileType = sourcecode.swift; path = "CGColor+Extensions.swift"; sourceTree = "<group>"; };
		1CC17D102907BA73008137F0 /* User.swift */ = {isa = PBXFileReference; lastKnownFileType = sourcecode.swift; path = User.swift; sourceTree = "<group>"; };
		1CC2E9F428FEEE6900D5234F /* Ink.swift */ = {isa = PBXFileReference; lastKnownFileType = sourcecode.swift; path = Ink.swift; sourceTree = "<group>"; };
		1CC2E9FD28FEFA1400D5234F /* Global.swift */ = {isa = PBXFileReference; lastKnownFileType = sourcecode.swift; path = Global.swift; sourceTree = "<group>"; };
		1CC2E9FF28FEFAC900D5234F /* Point.swift */ = {isa = PBXFileReference; lastKnownFileType = sourcecode.swift; path = Point.swift; sourceTree = "<group>"; };
		1CC2EA0128FEFACD00D5234F /* Size.swift */ = {isa = PBXFileReference; lastKnownFileType = sourcecode.swift; path = Size.swift; sourceTree = "<group>"; };
		83A846DD28725EFA00C777B1 /* swift-drawingapp.app */ = {isa = PBXFileReference; explicitFileType = wrapper.application; includeInIndex = 0; path = "swift-drawingapp.app"; sourceTree = BUILT_PRODUCTS_DIR; };
		83A846E028725EFA00C777B1 /* AppDelegate.swift */ = {isa = PBXFileReference; lastKnownFileType = sourcecode.swift; path = AppDelegate.swift; sourceTree = "<group>"; };
		83A846E228725EFA00C777B1 /* SceneDelegate.swift */ = {isa = PBXFileReference; lastKnownFileType = sourcecode.swift; path = SceneDelegate.swift; sourceTree = "<group>"; };
		83A846E428725EFA00C777B1 /* CanvasViewController.swift */ = {isa = PBXFileReference; lastKnownFileType = sourcecode.swift; path = CanvasViewController.swift; sourceTree = "<group>"; };
		83A846E728725EFA00C777B1 /* Base */ = {isa = PBXFileReference; lastKnownFileType = file.storyboard; name = Base; path = Base.lproj/CanvasViewController.storyboard; sourceTree = "<group>"; };
		83A846E928725EFE00C777B1 /* Assets.xcassets */ = {isa = PBXFileReference; lastKnownFileType = folder.assetcatalog; path = Assets.xcassets; sourceTree = "<group>"; };
		83A846EC28725EFE00C777B1 /* Base */ = {isa = PBXFileReference; lastKnownFileType = file.storyboard; name = Base; path = Base.lproj/LaunchScreen.storyboard; sourceTree = "<group>"; };
		83A846EE28725EFE00C777B1 /* Info.plist */ = {isa = PBXFileReference; lastKnownFileType = text.plist.xml; path = Info.plist; sourceTree = "<group>"; };
		83A846F328725EFF00C777B1 /* swift-drawingappTests.xctest */ = {isa = PBXFileReference; explicitFileType = wrapper.cfbundle; includeInIndex = 0; path = "swift-drawingappTests.xctest"; sourceTree = BUILT_PRODUCTS_DIR; };
		83A846F728725EFF00C777B1 /* CanvasViewModelTests.swift */ = {isa = PBXFileReference; lastKnownFileType = sourcecode.swift; path = CanvasViewModelTests.swift; sourceTree = "<group>"; };
/* End PBXFileReference section */

/* Begin PBXFrameworksBuildPhase section */
		83A846DA28725EFA00C777B1 /* Frameworks */ = {
			isa = PBXFrameworksBuildPhase;
			buildActionMask = 2147483647;
			files = (
			);
			runOnlyForDeploymentPostprocessing = 0;
		};
		83A846F028725EFF00C777B1 /* Frameworks */ = {
			isa = PBXFrameworksBuildPhase;
			buildActionMask = 2147483647;
			files = (
			);
			runOnlyForDeploymentPostprocessing = 0;
		};
/* End PBXFrameworksBuildPhase section */

/* Begin PBXGroup section */
		1C000EAA2906E382006E83CE /* Network */ = {
			isa = PBXGroup;
			children = (
				1C000EAB2906E393006E83CE /* ChatServer.swift */,
			);
			path = Network;
			sourceTree = "<group>";
		};
		1C55E71F28FD92B1009949C8 /* Models */ = {
			isa = PBXGroup;
			children = (
				1C55E72128FD9307009949C8 /* Item.swift */,
				1CC2E9F428FEEE6900D5234F /* Ink.swift */,
				1C55E71D28FD927C009949C8 /* Drawing.swift */,
				1C55E73528FDA314009949C8 /* LayoutInfo.swift */,
				1C55E73328FDA281009949C8 /* UIInfo.swift */,
				1C55E72928FD982D009949C8 /* Stroke.swift */,
				1C000EA029053228006E83CE /* Rectangle.swift */,
				1C55E71928FC6FE2009949C8 /* InkTool.swift */,
				1C55E71728FC6FD2009949C8 /* PolygonTool.swift */,
				1C55E71328FC6B73009949C8 /* Tool.swift */,
				1C7888892905231A005562F8 /* ToolInfo.swift */,
				1CC2E9FF28FEFAC900D5234F /* Point.swift */,
				1CC2EA0128FEFACD00D5234F /* Size.swift */,
				1C000EA629056285006E83CE /* Rect.swift */,
				1C000EAE2906F20D006E83CE /* SyncTool.swift */,
				1CC17D102907BA73008137F0 /* User.swift */,
				1C7D7C5A290EE66B008BBF5F /* UserCommand.swift */,
				1C7D7C5C290EE67A008BBF5F /* UserCommandResponse.swift */,
			);
			path = Models;
			sourceTree = "<group>";
		};
		1C55E72028FD92BB009949C8 /* Views */ = {
			isa = PBXGroup;
			children = (
				1C55E71528FC6B7F009949C8 /* ToolBarView.swift */,
				1C55E71128FC66ED009949C8 /* CanvasView.swift */,
				1C55E72728FD97EE009949C8 /* RectangleView.swift */,
			);
			path = Views;
			sourceTree = "<group>";
		};
		1C55E72E28FD9968009949C8 /* Controllers */ = {
			isa = PBXGroup;
			children = (
				83A846E428725EFA00C777B1 /* CanvasViewController.swift */,
				1C000EB22906F575006E83CE /* LoginViewController.swift */,
			);
			path = Controllers;
			sourceTree = "<group>";
		};
		1C55E73728FDAB07009949C8 /* UseCases */ = {
			isa = PBXGroup;
			children = (
				1C55E72328FD9552009949C8 /* PolygonDrawingUseCase.swift */,
				1C55E72528FD9569009949C8 /* InkDrawingUseCase.swift */,
				1C78888B2905247D005562F8 /* ToolSelectionUseCase.swift */,
				1C000EA229054CF7006E83CE /* ItemSelectionUseCase.swift */,
				1CBC50EB290EBF9A0046E564 /* SelectionOrDrawingUseCase.swift */,
				1CBC50FE290EDF480046E564 /* SyncUseCase.swift */,
			);
			path = UseCases;
			sourceTree = "<group>";
		};
		1C55E73828FDAB33009949C8 /* ViewModels */ = {
			isa = PBXGroup;
			children = (
				1C55E73B28FDB16D009949C8 /* CanvasViewModel.swift */,
			);
			path = ViewModels;
			sourceTree = "<group>";
		};
		1CBC50E2290EAF810046E564 /* Ports */ = {
			isa = PBXGroup;
			children = (
				1CBC50E3290EAF940046E564 /* PolygonDrawingPresenterPort.swift */,
				1CBC50E5290EB31F0046E564 /* InkDrawingPresenterPort.swift */,
				1CBC50E7290EB3270046E564 /* ToolSelectionPresenterPort.swift */,
				1CBC50E9290EB3300046E564 /* ItemSelectionPresenterPort.swift */,
				1CBC5100290EE1410046E564 /* ChatRepositoryPort.swift */,
			);
			path = Ports;
			sourceTree = "<group>";
		};
		1CBC50F7290EDB420046E564 /* Repositories */ = {
			isa = PBXGroup;
			children = (
				1CBC50F8290EDD310046E564 /* ChatRepository.swift */,
			);
			path = Repositories;
			sourceTree = "<group>";
		};
		1CC2E9FC28FEF83D00D5234F /* Utils */ = {
			isa = PBXGroup;
			children = (
				1C000E9A2905299F006E83CE /* String+Extensions.swift */,
				1CC17D0C2907B627008137F0 /* UIColor+Extensions.swift */,
				1CC17D0E2907B7AC008137F0 /* CGColor+Extensions.swift */,
				1C000E9E290529B6006E83CE /* CGSize+Extensions.swift */,
				1C000E9C290529AB006E83CE /* CGPoint+Extensions.swift */,
				1CC2E9FD28FEFA1400D5234F /* Global.swift */,
				1C7D7C58290EE522008BBF5F /* Notification+Extensions.swift */,
			);
			path = Utils;
			sourceTree = "<group>";
		};
		83A846D428725EF900C777B1 = {
			isa = PBXGroup;
			children = (
				83A846DF28725EFA00C777B1 /* swift-drawingapp */,
				83A846F628725EFF00C777B1 /* swift-drawingappTests */,
				83A846DE28725EFA00C777B1 /* Products */,
			);
			sourceTree = "<group>";
		};
		83A846DE28725EFA00C777B1 /* Products */ = {
			isa = PBXGroup;
			children = (
				83A846DD28725EFA00C777B1 /* swift-drawingapp.app */,
				83A846F328725EFF00C777B1 /* swift-drawingappTests.xctest */,
			);
			name = Products;
			sourceTree = "<group>";
		};
		83A846DF28725EFA00C777B1 /* swift-drawingapp */ = {
			isa = PBXGroup;
			children = (
				83A846E028725EFA00C777B1 /* AppDelegate.swift */,
				83A846E228725EFA00C777B1 /* SceneDelegate.swift */,
				1CBC50F7290EDB420046E564 /* Repositories */,
				1C000EAA2906E382006E83CE /* Network */,
				1C55E73728FDAB07009949C8 /* UseCases */,
				1CBC50E2290EAF810046E564 /* Ports */,
				1C55E72E28FD9968009949C8 /* Controllers */,
				1C55E73828FDAB33009949C8 /* ViewModels */,
				1C55E71F28FD92B1009949C8 /* Models */,
				1C55E72028FD92BB009949C8 /* Views */,
				1CC2E9FC28FEF83D00D5234F /* Utils */,
				83A846E628725EFA00C777B1 /* CanvasViewController.storyboard */,
				1C000EB02906F3E2006E83CE /* LoginViewController.storyboard */,
				83A846E928725EFE00C777B1 /* Assets.xcassets */,
				83A846EB28725EFE00C777B1 /* LaunchScreen.storyboard */,
				83A846EE28725EFE00C777B1 /* Info.plist */,
			);
			path = "swift-drawingapp";
			sourceTree = "<group>";
		};
		83A846F628725EFF00C777B1 /* swift-drawingappTests */ = {
			isa = PBXGroup;
			children = (
				83A846F728725EFF00C777B1 /* CanvasViewModelTests.swift */,
				1CBC50ED290EC5E90046E564 /* PolygonDrawingUseCaseTests.swift */,
				1CBC50EF290EC5F30046E564 /* InkDrawingUseCaseTests.swift */,
				1CBC50F1290EC5FE0046E564 /* ToolSelectionUseCaseTests.swift */,
				1CBC50F3290EC6080046E564 /* ItemSelectionUseCaseTests.swift */,
				1CBC50F5290EC62D0046E564 /* DrawingOrSelectionUseCaseTests.swift */,
			);
			path = "swift-drawingappTests";
			sourceTree = "<group>";
		};
/* End PBXGroup section */

/* Begin PBXNativeTarget section */
		83A846DC28725EFA00C777B1 /* swift-drawingapp */ = {
			isa = PBXNativeTarget;
			buildConfigurationList = 83A8470728725EFF00C777B1 /* Build configuration list for PBXNativeTarget "swift-drawingapp" */;
			buildPhases = (
				83A846D928725EFA00C777B1 /* Sources */,
				83A846DA28725EFA00C777B1 /* Frameworks */,
				83A846DB28725EFA00C777B1 /* Resources */,
			);
			buildRules = (
			);
			dependencies = (
			);
			name = "swift-drawingapp";
			productName = "swift-drawingapp";
			productReference = 83A846DD28725EFA00C777B1 /* swift-drawingapp.app */;
			productType = "com.apple.product-type.application";
		};
		83A846F228725EFF00C777B1 /* swift-drawingappTests */ = {
			isa = PBXNativeTarget;
			buildConfigurationList = 83A8470A28725EFF00C777B1 /* Build configuration list for PBXNativeTarget "swift-drawingappTests" */;
			buildPhases = (
				83A846EF28725EFF00C777B1 /* Sources */,
				83A846F028725EFF00C777B1 /* Frameworks */,
				83A846F128725EFF00C777B1 /* Resources */,
			);
			buildRules = (
			);
			dependencies = (
				83A846F528725EFF00C777B1 /* PBXTargetDependency */,
			);
			name = "swift-drawingappTests";
			productName = "swift-drawingappTests";
			productReference = 83A846F328725EFF00C777B1 /* swift-drawingappTests.xctest */;
			productType = "com.apple.product-type.bundle.unit-test";
		};
/* End PBXNativeTarget section */

/* Begin PBXProject section */
		83A846D528725EF900C777B1 /* Project object */ = {
			isa = PBXProject;
			attributes = {
				BuildIndependentTargetsInParallel = 1;
				LastSwiftUpdateCheck = 1340;
				LastUpgradeCheck = 1340;
				TargetAttributes = {
					83A846DC28725EFA00C777B1 = {
						CreatedOnToolsVersion = 13.4.1;
					};
					83A846F228725EFF00C777B1 = {
						CreatedOnToolsVersion = 13.4.1;
						TestTargetID = 83A846DC28725EFA00C777B1;
					};
				};
			};
			buildConfigurationList = 83A846D828725EF900C777B1 /* Build configuration list for PBXProject "swift-drawingapp" */;
			compatibilityVersion = "Xcode 13.0";
			developmentRegion = en;
			hasScannedForEncodings = 0;
			knownRegions = (
				en,
				Base,
			);
			mainGroup = 83A846D428725EF900C777B1;
			productRefGroup = 83A846DE28725EFA00C777B1 /* Products */;
			projectDirPath = "";
			projectRoot = "";
			targets = (
				83A846DC28725EFA00C777B1 /* swift-drawingapp */,
				83A846F228725EFF00C777B1 /* swift-drawingappTests */,
			);
		};
/* End PBXProject section */

/* Begin PBXResourcesBuildPhase section */
		83A846DB28725EFA00C777B1 /* Resources */ = {
			isa = PBXResourcesBuildPhase;
			buildActionMask = 2147483647;
			files = (
				83A846ED28725EFE00C777B1 /* LaunchScreen.storyboard in Resources */,
				1C000EB12906F3E2006E83CE /* LoginViewController.storyboard in Resources */,
				83A846EA28725EFE00C777B1 /* Assets.xcassets in Resources */,
				83A846E828725EFA00C777B1 /* CanvasViewController.storyboard in Resources */,
			);
			runOnlyForDeploymentPostprocessing = 0;
		};
		83A846F128725EFF00C777B1 /* Resources */ = {
			isa = PBXResourcesBuildPhase;
			buildActionMask = 2147483647;
			files = (
			);
			runOnlyForDeploymentPostprocessing = 0;
		};
/* End PBXResourcesBuildPhase section */

/* Begin PBXSourcesBuildPhase section */
		83A846D928725EFA00C777B1 /* Sources */ = {
			isa = PBXSourcesBuildPhase;
			buildActionMask = 2147483647;
			files = (
				1C78888A2905231A005562F8 /* ToolInfo.swift in Sources */,
				1C000EA129053228006E83CE /* Rectangle.swift in Sources */,
				1C7D7C59290EE522008BBF5F /* Notification+Extensions.swift in Sources */,
				1C55E71628FC6B7F009949C8 /* ToolBarView.swift in Sources */,
				1CC17D0F2907B7AC008137F0 /* CGColor+Extensions.swift in Sources */,
				83A846E528725EFA00C777B1 /* CanvasViewController.swift in Sources */,
				1C55E73C28FDB16D009949C8 /* CanvasViewModel.swift in Sources */,
				1C55E71828FC6FD2009949C8 /* PolygonTool.swift in Sources */,
				1C000EA329054CF7006E83CE /* ItemSelectionUseCase.swift in Sources */,
				1C55E71428FC6B73009949C8 /* Tool.swift in Sources */,
				1CC2E9FE28FEFA1400D5234F /* Global.swift in Sources */,
				1C55E72828FD97EE009949C8 /* RectangleView.swift in Sources */,
				1CBC50E6290EB31F0046E564 /* InkDrawingPresenterPort.swift in Sources */,
				1CC2E9F528FEEE6900D5234F /* Ink.swift in Sources */,
				1C55E71E28FD927C009949C8 /* Drawing.swift in Sources */,
				1CBC5101290EE1410046E564 /* ChatRepositoryPort.swift in Sources */,
				1C7D7C5D290EE67A008BBF5F /* UserCommandResponse.swift in Sources */,
				1CBC50EA290EB3300046E564 /* ItemSelectionPresenterPort.swift in Sources */,
				1CBC50F9290EDD310046E564 /* ChatRepository.swift in Sources */,
				1C55E73428FDA281009949C8 /* UIInfo.swift in Sources */,
				83A846E128725EFA00C777B1 /* AppDelegate.swift in Sources */,
				1C78888C2905247D005562F8 /* ToolSelectionUseCase.swift in Sources */,
				1C000EAC2906E393006E83CE /* ChatServer.swift in Sources */,
				1C55E72A28FD982D009949C8 /* Stroke.swift in Sources */,
				1C000E9F290529B6006E83CE /* CGSize+Extensions.swift in Sources */,
				1CBC50E4290EAF940046E564 /* PolygonDrawingPresenterPort.swift in Sources */,
				1CBC50FF290EDF480046E564 /* SyncUseCase.swift in Sources */,
				1C000E9D290529AB006E83CE /* CGPoint+Extensions.swift in Sources */,
				1C000EAF2906F20D006E83CE /* SyncTool.swift in Sources */,
				1C55E72228FD9307009949C8 /* Item.swift in Sources */,
				1C55E73628FDA314009949C8 /* LayoutInfo.swift in Sources */,
				1C000EB32906F575006E83CE /* LoginViewController.swift in Sources */,
				1CC2EA0228FEFACD00D5234F /* Size.swift in Sources */,
				1C55E72428FD9552009949C8 /* PolygonDrawingUseCase.swift in Sources */,
				1C55E71A28FC6FE2009949C8 /* InkTool.swift in Sources */,
				1C55E72628FD9569009949C8 /* InkDrawingUseCase.swift in Sources */,
				1C55E71228FC66ED009949C8 /* CanvasView.swift in Sources */,
				1C000E9B2905299F006E83CE /* String+Extensions.swift in Sources */,
				83A846E328725EFA00C777B1 /* SceneDelegate.swift in Sources */,
				1CC2EA0028FEFAC900D5234F /* Point.swift in Sources */,
				1CBC50E8290EB3270046E564 /* ToolSelectionPresenterPort.swift in Sources */,
				1CC17D0D2907B627008137F0 /* UIColor+Extensions.swift in Sources */,
				1C7D7C5B290EE66B008BBF5F /* UserCommand.swift in Sources */,
				1C000EA729056285006E83CE /* Rect.swift in Sources */,
				1CBC50EC290EBF9A0046E564 /* SelectionOrDrawingUseCase.swift in Sources */,
				1CC17D112907BA73008137F0 /* User.swift in Sources */,
			);
			runOnlyForDeploymentPostprocessing = 0;
		};
		83A846EF28725EFF00C777B1 /* Sources */ = {
			isa = PBXSourcesBuildPhase;
			buildActionMask = 2147483647;
			files = (
				1CBC50F0290EC5F30046E564 /* InkDrawingUseCaseTests.swift in Sources */,
				1CBC50EE290EC5E90046E564 /* PolygonDrawingUseCaseTests.swift in Sources */,
				1CBC50F6290EC62D0046E564 /* DrawingOrSelectionUseCaseTests.swift in Sources */,
				1CBC50F4290EC6080046E564 /* ItemSelectionUseCaseTests.swift in Sources */,
				1CBC50F2290EC5FE0046E564 /* ToolSelectionUseCaseTests.swift in Sources */,
				83A846F828725EFF00C777B1 /* CanvasViewModelTests.swift in Sources */,
			);
			runOnlyForDeploymentPostprocessing = 0;
		};
/* End PBXSourcesBuildPhase section */

/* Begin PBXTargetDependency section */
		83A846F528725EFF00C777B1 /* PBXTargetDependency */ = {
			isa = PBXTargetDependency;
			target = 83A846DC28725EFA00C777B1 /* swift-drawingapp */;
			targetProxy = 83A846F428725EFF00C777B1 /* PBXContainerItemProxy */;
		};
/* End PBXTargetDependency section */

/* Begin PBXVariantGroup section */
		83A846E628725EFA00C777B1 /* CanvasViewController.storyboard */ = {
			isa = PBXVariantGroup;
			children = (
				83A846E728725EFA00C777B1 /* Base */,
			);
			name = CanvasViewController.storyboard;
			sourceTree = "<group>";
		};
		83A846EB28725EFE00C777B1 /* LaunchScreen.storyboard */ = {
			isa = PBXVariantGroup;
			children = (
				83A846EC28725EFE00C777B1 /* Base */,
			);
			name = LaunchScreen.storyboard;
			sourceTree = "<group>";
		};
/* End PBXVariantGroup section */

/* Begin XCBuildConfiguration section */
		83A8470528725EFF00C777B1 /* Debug */ = {
			isa = XCBuildConfiguration;
			buildSettings = {
				ALWAYS_SEARCH_USER_PATHS = NO;
				CLANG_ANALYZER_NONNULL = YES;
				CLANG_ANALYZER_NUMBER_OBJECT_CONVERSION = YES_AGGRESSIVE;
				CLANG_CXX_LANGUAGE_STANDARD = "gnu++17";
				CLANG_ENABLE_MODULES = YES;
				CLANG_ENABLE_OBJC_ARC = YES;
				CLANG_ENABLE_OBJC_WEAK = YES;
				CLANG_WARN_BLOCK_CAPTURE_AUTORELEASING = YES;
				CLANG_WARN_BOOL_CONVERSION = YES;
				CLANG_WARN_COMMA = YES;
				CLANG_WARN_CONSTANT_CONVERSION = YES;
				CLANG_WARN_DEPRECATED_OBJC_IMPLEMENTATIONS = YES;
				CLANG_WARN_DIRECT_OBJC_ISA_USAGE = YES_ERROR;
				CLANG_WARN_DOCUMENTATION_COMMENTS = YES;
				CLANG_WARN_EMPTY_BODY = YES;
				CLANG_WARN_ENUM_CONVERSION = YES;
				CLANG_WARN_INFINITE_RECURSION = YES;
				CLANG_WARN_INT_CONVERSION = YES;
				CLANG_WARN_NON_LITERAL_NULL_CONVERSION = YES;
				CLANG_WARN_OBJC_IMPLICIT_RETAIN_SELF = YES;
				CLANG_WARN_OBJC_LITERAL_CONVERSION = YES;
				CLANG_WARN_OBJC_ROOT_CLASS = YES_ERROR;
				CLANG_WARN_QUOTED_INCLUDE_IN_FRAMEWORK_HEADER = YES;
				CLANG_WARN_RANGE_LOOP_ANALYSIS = YES;
				CLANG_WARN_STRICT_PROTOTYPES = YES;
				CLANG_WARN_SUSPICIOUS_MOVE = YES;
				CLANG_WARN_UNGUARDED_AVAILABILITY = YES_AGGRESSIVE;
				CLANG_WARN_UNREACHABLE_CODE = YES;
				CLANG_WARN__DUPLICATE_METHOD_MATCH = YES;
				COPY_PHASE_STRIP = NO;
				DEBUG_INFORMATION_FORMAT = dwarf;
				ENABLE_STRICT_OBJC_MSGSEND = YES;
				ENABLE_TESTABILITY = YES;
				GCC_C_LANGUAGE_STANDARD = gnu11;
				GCC_DYNAMIC_NO_PIC = NO;
				GCC_NO_COMMON_BLOCKS = YES;
				GCC_OPTIMIZATION_LEVEL = 0;
				GCC_PREPROCESSOR_DEFINITIONS = (
					"DEBUG=1",
					"$(inherited)",
				);
				GCC_WARN_64_TO_32_BIT_CONVERSION = YES;
				GCC_WARN_ABOUT_RETURN_TYPE = YES_ERROR;
				GCC_WARN_UNDECLARED_SELECTOR = YES;
				GCC_WARN_UNINITIALIZED_AUTOS = YES_AGGRESSIVE;
				GCC_WARN_UNUSED_FUNCTION = YES;
				GCC_WARN_UNUSED_VARIABLE = YES;
				IPHONEOS_DEPLOYMENT_TARGET = 15.5;
				MTL_ENABLE_DEBUG_INFO = INCLUDE_SOURCE;
				MTL_FAST_MATH = YES;
				ONLY_ACTIVE_ARCH = YES;
				SDKROOT = iphoneos;
				SWIFT_ACTIVE_COMPILATION_CONDITIONS = DEBUG;
				SWIFT_OPTIMIZATION_LEVEL = "-Onone";
			};
			name = Debug;
		};
		83A8470628725EFF00C777B1 /* Release */ = {
			isa = XCBuildConfiguration;
			buildSettings = {
				ALWAYS_SEARCH_USER_PATHS = NO;
				CLANG_ANALYZER_NONNULL = YES;
				CLANG_ANALYZER_NUMBER_OBJECT_CONVERSION = YES_AGGRESSIVE;
				CLANG_CXX_LANGUAGE_STANDARD = "gnu++17";
				CLANG_ENABLE_MODULES = YES;
				CLANG_ENABLE_OBJC_ARC = YES;
				CLANG_ENABLE_OBJC_WEAK = YES;
				CLANG_WARN_BLOCK_CAPTURE_AUTORELEASING = YES;
				CLANG_WARN_BOOL_CONVERSION = YES;
				CLANG_WARN_COMMA = YES;
				CLANG_WARN_CONSTANT_CONVERSION = YES;
				CLANG_WARN_DEPRECATED_OBJC_IMPLEMENTATIONS = YES;
				CLANG_WARN_DIRECT_OBJC_ISA_USAGE = YES_ERROR;
				CLANG_WARN_DOCUMENTATION_COMMENTS = YES;
				CLANG_WARN_EMPTY_BODY = YES;
				CLANG_WARN_ENUM_CONVERSION = YES;
				CLANG_WARN_INFINITE_RECURSION = YES;
				CLANG_WARN_INT_CONVERSION = YES;
				CLANG_WARN_NON_LITERAL_NULL_CONVERSION = YES;
				CLANG_WARN_OBJC_IMPLICIT_RETAIN_SELF = YES;
				CLANG_WARN_OBJC_LITERAL_CONVERSION = YES;
				CLANG_WARN_OBJC_ROOT_CLASS = YES_ERROR;
				CLANG_WARN_QUOTED_INCLUDE_IN_FRAMEWORK_HEADER = YES;
				CLANG_WARN_RANGE_LOOP_ANALYSIS = YES;
				CLANG_WARN_STRICT_PROTOTYPES = YES;
				CLANG_WARN_SUSPICIOUS_MOVE = YES;
				CLANG_WARN_UNGUARDED_AVAILABILITY = YES_AGGRESSIVE;
				CLANG_WARN_UNREACHABLE_CODE = YES;
				CLANG_WARN__DUPLICATE_METHOD_MATCH = YES;
				COPY_PHASE_STRIP = NO;
				DEBUG_INFORMATION_FORMAT = "dwarf-with-dsym";
				ENABLE_NS_ASSERTIONS = NO;
				ENABLE_STRICT_OBJC_MSGSEND = YES;
				GCC_C_LANGUAGE_STANDARD = gnu11;
				GCC_NO_COMMON_BLOCKS = YES;
				GCC_WARN_64_TO_32_BIT_CONVERSION = YES;
				GCC_WARN_ABOUT_RETURN_TYPE = YES_ERROR;
				GCC_WARN_UNDECLARED_SELECTOR = YES;
				GCC_WARN_UNINITIALIZED_AUTOS = YES_AGGRESSIVE;
				GCC_WARN_UNUSED_FUNCTION = YES;
				GCC_WARN_UNUSED_VARIABLE = YES;
				IPHONEOS_DEPLOYMENT_TARGET = 15.5;
				MTL_ENABLE_DEBUG_INFO = NO;
				MTL_FAST_MATH = YES;
				SDKROOT = iphoneos;
				SWIFT_COMPILATION_MODE = wholemodule;
				SWIFT_OPTIMIZATION_LEVEL = "-O";
				VALIDATE_PRODUCT = YES;
			};
			name = Release;
		};
		83A8470828725EFF00C777B1 /* Debug */ = {
			isa = XCBuildConfiguration;
			buildSettings = {
				ASSETCATALOG_COMPILER_APPICON_NAME = AppIcon;
				ASSETCATALOG_COMPILER_GLOBAL_ACCENT_COLOR_NAME = AccentColor;
				CODE_SIGN_STYLE = Automatic;
				CURRENT_PROJECT_VERSION = 1;
				GENERATE_INFOPLIST_FILE = YES;
				INFOPLIST_FILE = "swift-drawingapp/Info.plist";
				INFOPLIST_KEY_UIApplicationSupportsIndirectInputEvents = YES;
				INFOPLIST_KEY_UILaunchStoryboardName = LaunchScreen;
				INFOPLIST_KEY_UISupportedInterfaceOrientations_iPad = "UIInterfaceOrientationPortrait UIInterfaceOrientationPortraitUpsideDown UIInterfaceOrientationLandscapeLeft UIInterfaceOrientationLandscapeRight";
				INFOPLIST_KEY_UISupportedInterfaceOrientations_iPhone = "UIInterfaceOrientationPortrait UIInterfaceOrientationLandscapeLeft UIInterfaceOrientationLandscapeRight";
				LD_RUNPATH_SEARCH_PATHS = (
					"$(inherited)",
					"@executable_path/Frameworks",
				);
				MARKETING_VERSION = 1.0;
				PRODUCT_BUNDLE_IDENTIFIER = "com.kakaocorp.swift-drawingapp";
				PRODUCT_NAME = "$(TARGET_NAME)";
				SWIFT_EMIT_LOC_STRINGS = YES;
				SWIFT_VERSION = 5.0;
				TARGETED_DEVICE_FAMILY = 2;
			};
			name = Debug;
		};
		83A8470928725EFF00C777B1 /* Release */ = {
			isa = XCBuildConfiguration;
			buildSettings = {
				ASSETCATALOG_COMPILER_APPICON_NAME = AppIcon;
				ASSETCATALOG_COMPILER_GLOBAL_ACCENT_COLOR_NAME = AccentColor;
				CODE_SIGN_STYLE = Automatic;
				CURRENT_PROJECT_VERSION = 1;
				GENERATE_INFOPLIST_FILE = YES;
				INFOPLIST_FILE = "swift-drawingapp/Info.plist";
				INFOPLIST_KEY_UIApplicationSupportsIndirectInputEvents = YES;
				INFOPLIST_KEY_UILaunchStoryboardName = LaunchScreen;
				INFOPLIST_KEY_UISupportedInterfaceOrientations_iPad = "UIInterfaceOrientationPortrait UIInterfaceOrientationPortraitUpsideDown UIInterfaceOrientationLandscapeLeft UIInterfaceOrientationLandscapeRight";
				INFOPLIST_KEY_UISupportedInterfaceOrientations_iPhone = "UIInterfaceOrientationPortrait UIInterfaceOrientationLandscapeLeft UIInterfaceOrientationLandscapeRight";
				LD_RUNPATH_SEARCH_PATHS = (
					"$(inherited)",
					"@executable_path/Frameworks",
				);
				MARKETING_VERSION = 1.0;
				PRODUCT_BUNDLE_IDENTIFIER = "com.kakaocorp.swift-drawingapp";
				PRODUCT_NAME = "$(TARGET_NAME)";
				SWIFT_EMIT_LOC_STRINGS = YES;
				SWIFT_VERSION = 5.0;
				TARGETED_DEVICE_FAMILY = 2;
			};
			name = Release;
		};
		83A8470B28725EFF00C777B1 /* Debug */ = {
			isa = XCBuildConfiguration;
			buildSettings = {
				ALWAYS_EMBED_SWIFT_STANDARD_LIBRARIES = YES;
				BUNDLE_LOADER = "$(TEST_HOST)";
				CODE_SIGN_STYLE = Automatic;
				CURRENT_PROJECT_VERSION = 1;
				GENERATE_INFOPLIST_FILE = YES;
				IPHONEOS_DEPLOYMENT_TARGET = 15.5;
				MARKETING_VERSION = 1.0;
				PRODUCT_BUNDLE_IDENTIFIER = "com.kakaocorp.swift-drawingappTests";
				PRODUCT_NAME = "$(TARGET_NAME)";
				SWIFT_EMIT_LOC_STRINGS = NO;
				SWIFT_VERSION = 5.0;
				TARGETED_DEVICE_FAMILY = "1,2";
				TEST_HOST = "$(BUILT_PRODUCTS_DIR)/swift-drawingapp.app/swift-drawingapp";
			};
			name = Debug;
		};
		83A8470C28725EFF00C777B1 /* Release */ = {
			isa = XCBuildConfiguration;
			buildSettings = {
				ALWAYS_EMBED_SWIFT_STANDARD_LIBRARIES = YES;
				BUNDLE_LOADER = "$(TEST_HOST)";
				CODE_SIGN_STYLE = Automatic;
				CURRENT_PROJECT_VERSION = 1;
				GENERATE_INFOPLIST_FILE = YES;
				IPHONEOS_DEPLOYMENT_TARGET = 15.5;
				MARKETING_VERSION = 1.0;
				PRODUCT_BUNDLE_IDENTIFIER = "com.kakaocorp.swift-drawingappTests";
				PRODUCT_NAME = "$(TARGET_NAME)";
				SWIFT_EMIT_LOC_STRINGS = NO;
				SWIFT_VERSION = 5.0;
				TARGETED_DEVICE_FAMILY = "1,2";
				TEST_HOST = "$(BUILT_PRODUCTS_DIR)/swift-drawingapp.app/swift-drawingapp";
			};
			name = Release;
		};
/* End XCBuildConfiguration section */

/* Begin XCConfigurationList section */
		83A846D828725EF900C777B1 /* Build configuration list for PBXProject "swift-drawingapp" */ = {
			isa = XCConfigurationList;
			buildConfigurations = (
				83A8470528725EFF00C777B1 /* Debug */,
				83A8470628725EFF00C777B1 /* Release */,
			);
			defaultConfigurationIsVisible = 0;
			defaultConfigurationName = Release;
		};
		83A8470728725EFF00C777B1 /* Build configuration list for PBXNativeTarget "swift-drawingapp" */ = {
			isa = XCConfigurationList;
			buildConfigurations = (
				83A8470828725EFF00C777B1 /* Debug */,
				83A8470928725EFF00C777B1 /* Release */,
			);
			defaultConfigurationIsVisible = 0;
			defaultConfigurationName = Release;
		};
		83A8470A28725EFF00C777B1 /* Build configuration list for PBXNativeTarget "swift-drawingappTests" */ = {
			isa = XCConfigurationList;
			buildConfigurations = (
				83A8470B28725EFF00C777B1 /* Debug */,
				83A8470C28725EFF00C777B1 /* Release */,
			);
			defaultConfigurationIsVisible = 0;
			defaultConfigurationName = Release;
		};
/* End XCConfigurationList section */
	};
	rootObject = 83A846D528725EF900C777B1 /* Project object */;
}
