// !$*UTF8*$!
{
	archiveVersion = 1;
	classes = {
	};
	objectVersion = 55;
	objects = {

/* Begin PBXBuildFile section */
		4808EF5C290BF4ED00303E27 /* SocketManager.swift in Sources */ = {isa = PBXBuildFile; fileRef = 4808EF5B290BF4ED00303E27 /* SocketManager.swift */; };
		4808EF61290CEED300303E27 /* ChatReponseType.swift in Sources */ = {isa = PBXBuildFile; fileRef = 4808EF60290CEED300303E27 /* ChatReponseType.swift */; };
		48B1D8D029055F360073BEB5 /* NetworkExtension.framework in Frameworks */ = {isa = PBXBuildFile; fileRef = 48B1D8CF29055F360073BEB5 /* NetworkExtension.framework */; };
		48B8F55629037A1700022D44 /* Shape.swift in Sources */ = {isa = PBXBuildFile; fileRef = 48B8F55529037A1700022D44 /* Shape.swift */; };
		48B8F55829037A7400022D44 /* Square.swift in Sources */ = {isa = PBXBuildFile; fileRef = 48B8F55729037A7400022D44 /* Square.swift */; };
		48B8F55A29037A7D00022D44 /* Line.swift in Sources */ = {isa = PBXBuildFile; fileRef = 48B8F55929037A7D00022D44 /* Line.swift */; };
		48C7395028F97B6300F3E155 /* DrawingStore.swift in Sources */ = {isa = PBXBuildFile; fileRef = 48C7394F28F97B6300F3E155 /* DrawingStore.swift */; };
		48C7395228F97C2200F3E155 /* PathMaker.swift in Sources */ = {isa = PBXBuildFile; fileRef = 48C7395128F97C2200F3E155 /* PathMaker.swift */; };
		48C7395528FA5D1400F3E155 /* DrawingViewModel.swift in Sources */ = {isa = PBXBuildFile; fileRef = 48C7395428FA5D1400F3E155 /* DrawingViewModel.swift */; };
		48C7395728FBC99400F3E155 /* DrawingMaker.swift in Sources */ = {isa = PBXBuildFile; fileRef = 48C7395628FBC99400F3E155 /* DrawingMaker.swift */; };
		48C7395928FBCF2100F3E155 /* DrawingTypeButton.swift in Sources */ = {isa = PBXBuildFile; fileRef = 48C7395828FBCF2100F3E155 /* DrawingTypeButton.swift */; };
		48C7395F28FC036100F3E155 /* CanvasView.swift in Sources */ = {isa = PBXBuildFile; fileRef = 48C7395E28FC036100F3E155 /* CanvasView.swift */; };
		48C7396128FC492100F3E155 /* DrawingLayerMaker.swift in Sources */ = {isa = PBXBuildFile; fileRef = 48C7396028FC492100F3E155 /* DrawingLayerMaker.swift */; };
		48D474B9290420F200733F4F /* ChatServerClient.swift in Sources */ = {isa = PBXBuildFile; fileRef = 48D474B8290420F200733F4F /* ChatServerClient.swift */; };
		48F107A72904DC7C004D00C7 /* Starscream in Frameworks */ = {isa = PBXBuildFile; productRef = 48F107A62904DC7C004D00C7 /* Starscream */; };
		48F107A92904FEE4004D00C7 /* Command.swift in Sources */ = {isa = PBXBuildFile; fileRef = 48F107A82904FEE4004D00C7 /* Command.swift */; };
		48F4659A2907C2370083E64A /* ColorAssets.swift in Sources */ = {isa = PBXBuildFile; fileRef = 48F465992907C2370083E64A /* ColorAssets.swift */; };
		48F465A02907CB350083E64A /* Color+Ext.swift in Sources */ = {isa = PBXBuildFile; fileRef = 48F4659F2907CB350083E64A /* Color+Ext.swift */; };
		48F465A42907D6120083E64A /* Test_SquareFactory.swift in Sources */ = {isa = PBXBuildFile; fileRef = 48F465A32907D6120083E64A /* Test_SquareFactory.swift */; };
		48F465A52907D6610083E64A /* SquareFactory.swift in Sources */ = {isa = PBXBuildFile; fileRef = 48FE356329024D4500BF33D7 /* SquareFactory.swift */; };
		48F465A62907D67F0083E64A /* Square.swift in Sources */ = {isa = PBXBuildFile; fileRef = 48B8F55729037A7400022D44 /* Square.swift */; };
		48F465A72907D6940083E64A /* Shape.swift in Sources */ = {isa = PBXBuildFile; fileRef = 48B8F55529037A1700022D44 /* Shape.swift */; };
		48F465A92907D6B10083E64A /* Test_Square.swift in Sources */ = {isa = PBXBuildFile; fileRef = 48F465A82907D6B10083E64A /* Test_Square.swift */; };
		48F465AB2907D8150083E64A /* Test_ColorAssets.swift in Sources */ = {isa = PBXBuildFile; fileRef = 48F465AA2907D8150083E64A /* Test_ColorAssets.swift */; };
		48F465AC2907D81C0083E64A /* ColorAssets.swift in Sources */ = {isa = PBXBuildFile; fileRef = 48F465992907C2370083E64A /* ColorAssets.swift */; };
		48F465AE2907D9650083E64A /* Teat_DrawingStore.swift in Sources */ = {isa = PBXBuildFile; fileRef = 48F465AD2907D9650083E64A /* Teat_DrawingStore.swift */; };
		48F465AF2907D9690083E64A /* DrawingStore.swift in Sources */ = {isa = PBXBuildFile; fileRef = 48C7394F28F97B6300F3E155 /* DrawingStore.swift */; };
		48FE356229024D3B00BF33D7 /* LineFactory.swift in Sources */ = {isa = PBXBuildFile; fileRef = 48FE356129024D3B00BF33D7 /* LineFactory.swift */; };
		48FE356429024D4500BF33D7 /* SquareFactory.swift in Sources */ = {isa = PBXBuildFile; fileRef = 48FE356329024D4500BF33D7 /* SquareFactory.swift */; };
		48FE356629024D5000BF33D7 /* DrawingFactory.swift in Sources */ = {isa = PBXBuildFile; fileRef = 48FE356529024D5000BF33D7 /* DrawingFactory.swift */; };
		83A846E128725EFA00C777B1 /* AppDelegate.swift in Sources */ = {isa = PBXBuildFile; fileRef = 83A846E028725EFA00C777B1 /* AppDelegate.swift */; };
		83A846E328725EFA00C777B1 /* SceneDelegate.swift in Sources */ = {isa = PBXBuildFile; fileRef = 83A846E228725EFA00C777B1 /* SceneDelegate.swift */; };
		83A846E528725EFA00C777B1 /* DrawingViewController.swift in Sources */ = {isa = PBXBuildFile; fileRef = 83A846E428725EFA00C777B1 /* DrawingViewController.swift */; };
		83A846EA28725EFE00C777B1 /* Assets.xcassets in Resources */ = {isa = PBXBuildFile; fileRef = 83A846E928725EFE00C777B1 /* Assets.xcassets */; };
		83A846ED28725EFE00C777B1 /* LaunchScreen.storyboard in Resources */ = {isa = PBXBuildFile; fileRef = 83A846EB28725EFE00C777B1 /* LaunchScreen.storyboard */; };
		83A8470228725EFF00C777B1 /* swift_drawingappUITests.swift in Sources */ = {isa = PBXBuildFile; fileRef = 83A8470128725EFF00C777B1 /* swift_drawingappUITests.swift */; };
		83A8470428725EFF00C777B1 /* swift_drawingappUITestsLaunchTests.swift in Sources */ = {isa = PBXBuildFile; fileRef = 83A8470328725EFF00C777B1 /* swift_drawingappUITestsLaunchTests.swift */; };
/* End PBXBuildFile section */

/* Begin PBXContainerItemProxy section */
		83A846F428725EFF00C777B1 /* PBXContainerItemProxy */ = {
			isa = PBXContainerItemProxy;
			containerPortal = 83A846D528725EF900C777B1 /* Project object */;
			proxyType = 1;
			remoteGlobalIDString = 83A846DC28725EFA00C777B1;
			remoteInfo = "swift-drawingapp";
		};
		83A846FE28725EFF00C777B1 /* PBXContainerItemProxy */ = {
			isa = PBXContainerItemProxy;
			containerPortal = 83A846D528725EF900C777B1 /* Project object */;
			proxyType = 1;
			remoteGlobalIDString = 83A846DC28725EFA00C777B1;
			remoteInfo = "swift-drawingapp";
		};
/* End PBXContainerItemProxy section */

/* Begin PBXFileReference section */
		4808EF5B290BF4ED00303E27 /* SocketManager.swift */ = {isa = PBXFileReference; lastKnownFileType = sourcecode.swift; path = SocketManager.swift; sourceTree = "<group>"; };
		4808EF60290CEED300303E27 /* ChatReponseType.swift */ = {isa = PBXFileReference; lastKnownFileType = sourcecode.swift; path = ChatReponseType.swift; sourceTree = "<group>"; };
		48B1D8CD29055F360073BEB5 /* swift-drawingapp.entitlements */ = {isa = PBXFileReference; lastKnownFileType = text.plist.entitlements; path = "swift-drawingapp.entitlements"; sourceTree = "<group>"; };
		48B1D8CF29055F360073BEB5 /* NetworkExtension.framework */ = {isa = PBXFileReference; lastKnownFileType = wrapper.framework; name = NetworkExtension.framework; path = System/Library/Frameworks/NetworkExtension.framework; sourceTree = SDKROOT; };
		48B8F55529037A1700022D44 /* Shape.swift */ = {isa = PBXFileReference; lastKnownFileType = sourcecode.swift; path = Shape.swift; sourceTree = "<group>"; };
		48B8F55729037A7400022D44 /* Square.swift */ = {isa = PBXFileReference; lastKnownFileType = sourcecode.swift; path = Square.swift; sourceTree = "<group>"; };
		48B8F55929037A7D00022D44 /* Line.swift */ = {isa = PBXFileReference; lastKnownFileType = sourcecode.swift; path = Line.swift; sourceTree = "<group>"; };
		48C7394F28F97B6300F3E155 /* DrawingStore.swift */ = {isa = PBXFileReference; lastKnownFileType = sourcecode.swift; path = DrawingStore.swift; sourceTree = "<group>"; };
		48C7395128F97C2200F3E155 /* PathMaker.swift */ = {isa = PBXFileReference; lastKnownFileType = sourcecode.swift; path = PathMaker.swift; sourceTree = "<group>"; };
		48C7395428FA5D1400F3E155 /* DrawingViewModel.swift */ = {isa = PBXFileReference; lastKnownFileType = sourcecode.swift; path = DrawingViewModel.swift; sourceTree = "<group>"; };
		48C7395628FBC99400F3E155 /* DrawingMaker.swift */ = {isa = PBXFileReference; lastKnownFileType = sourcecode.swift; path = DrawingMaker.swift; sourceTree = "<group>"; };
		48C7395828FBCF2100F3E155 /* DrawingTypeButton.swift */ = {isa = PBXFileReference; lastKnownFileType = sourcecode.swift; path = DrawingTypeButton.swift; sourceTree = "<group>"; };
		48C7395E28FC036100F3E155 /* CanvasView.swift */ = {isa = PBXFileReference; lastKnownFileType = sourcecode.swift; path = CanvasView.swift; sourceTree = "<group>"; };
		48C7396028FC492100F3E155 /* DrawingLayerMaker.swift */ = {isa = PBXFileReference; lastKnownFileType = sourcecode.swift; path = DrawingLayerMaker.swift; sourceTree = "<group>"; };
		48D474B8290420F200733F4F /* ChatServerClient.swift */ = {isa = PBXFileReference; lastKnownFileType = sourcecode.swift; path = ChatServerClient.swift; sourceTree = "<group>"; };
		48F107A82904FEE4004D00C7 /* Command.swift */ = {isa = PBXFileReference; lastKnownFileType = sourcecode.swift; path = Command.swift; sourceTree = "<group>"; };
		48F465992907C2370083E64A /* ColorAssets.swift */ = {isa = PBXFileReference; lastKnownFileType = sourcecode.swift; path = ColorAssets.swift; sourceTree = "<group>"; };
		48F4659F2907CB350083E64A /* Color+Ext.swift */ = {isa = PBXFileReference; lastKnownFileType = sourcecode.swift; path = "Color+Ext.swift"; sourceTree = "<group>"; };
		48F465A32907D6120083E64A /* Test_SquareFactory.swift */ = {isa = PBXFileReference; lastKnownFileType = sourcecode.swift; path = Test_SquareFactory.swift; sourceTree = "<group>"; };
		48F465A82907D6B10083E64A /* Test_Square.swift */ = {isa = PBXFileReference; lastKnownFileType = sourcecode.swift; path = Test_Square.swift; sourceTree = "<group>"; };
		48F465AA2907D8150083E64A /* Test_ColorAssets.swift */ = {isa = PBXFileReference; lastKnownFileType = sourcecode.swift; path = Test_ColorAssets.swift; sourceTree = "<group>"; };
		48F465AD2907D9650083E64A /* Teat_DrawingStore.swift */ = {isa = PBXFileReference; lastKnownFileType = sourcecode.swift; path = Teat_DrawingStore.swift; sourceTree = "<group>"; };
		48FE356129024D3B00BF33D7 /* LineFactory.swift */ = {isa = PBXFileReference; lastKnownFileType = sourcecode.swift; path = LineFactory.swift; sourceTree = "<group>"; };
		48FE356329024D4500BF33D7 /* SquareFactory.swift */ = {isa = PBXFileReference; lastKnownFileType = sourcecode.swift; path = SquareFactory.swift; sourceTree = "<group>"; };
		48FE356529024D5000BF33D7 /* DrawingFactory.swift */ = {isa = PBXFileReference; lastKnownFileType = sourcecode.swift; path = DrawingFactory.swift; sourceTree = "<group>"; };
		83A846DD28725EFA00C777B1 /* swift-drawingapp.app */ = {isa = PBXFileReference; explicitFileType = wrapper.application; includeInIndex = 0; path = "swift-drawingapp.app"; sourceTree = BUILT_PRODUCTS_DIR; };
		83A846E028725EFA00C777B1 /* AppDelegate.swift */ = {isa = PBXFileReference; lastKnownFileType = sourcecode.swift; path = AppDelegate.swift; sourceTree = "<group>"; };
		83A846E228725EFA00C777B1 /* SceneDelegate.swift */ = {isa = PBXFileReference; lastKnownFileType = sourcecode.swift; path = SceneDelegate.swift; sourceTree = "<group>"; };
		83A846E428725EFA00C777B1 /* DrawingViewController.swift */ = {isa = PBXFileReference; lastKnownFileType = sourcecode.swift; path = DrawingViewController.swift; sourceTree = "<group>"; };
		83A846E928725EFE00C777B1 /* Assets.xcassets */ = {isa = PBXFileReference; lastKnownFileType = folder.assetcatalog; path = Assets.xcassets; sourceTree = "<group>"; };
		83A846EC28725EFE00C777B1 /* Base */ = {isa = PBXFileReference; lastKnownFileType = file.storyboard; name = Base; path = Base.lproj/LaunchScreen.storyboard; sourceTree = "<group>"; };
		83A846EE28725EFE00C777B1 /* Info.plist */ = {isa = PBXFileReference; lastKnownFileType = text.plist.xml; path = Info.plist; sourceTree = "<group>"; };
		83A846F328725EFF00C777B1 /* swift-drawingappTests.xctest */ = {isa = PBXFileReference; explicitFileType = wrapper.cfbundle; includeInIndex = 0; path = "swift-drawingappTests.xctest"; sourceTree = BUILT_PRODUCTS_DIR; };
		83A846FD28725EFF00C777B1 /* swift-drawingappUITests.xctest */ = {isa = PBXFileReference; explicitFileType = wrapper.cfbundle; includeInIndex = 0; path = "swift-drawingappUITests.xctest"; sourceTree = BUILT_PRODUCTS_DIR; };
		83A8470128725EFF00C777B1 /* swift_drawingappUITests.swift */ = {isa = PBXFileReference; lastKnownFileType = sourcecode.swift; path = swift_drawingappUITests.swift; sourceTree = "<group>"; };
		83A8470328725EFF00C777B1 /* swift_drawingappUITestsLaunchTests.swift */ = {isa = PBXFileReference; lastKnownFileType = sourcecode.swift; path = swift_drawingappUITestsLaunchTests.swift; sourceTree = "<group>"; };
/* End PBXFileReference section */

/* Begin PBXFrameworksBuildPhase section */
		83A846DA28725EFA00C777B1 /* Frameworks */ = {
			isa = PBXFrameworksBuildPhase;
			buildActionMask = 2147483647;
			files = (
				48F107A72904DC7C004D00C7 /* Starscream in Frameworks */,
				48B1D8D029055F360073BEB5 /* NetworkExtension.framework in Frameworks */,
			);
			runOnlyForDeploymentPostprocessing = 0;
		};
		83A846F028725EFF00C777B1 /* Frameworks */ = {
			isa = PBXFrameworksBuildPhase;
			buildActionMask = 2147483647;
			files = (
			);
			runOnlyForDeploymentPostprocessing = 0;
		};
		83A846FA28725EFF00C777B1 /* Frameworks */ = {
			isa = PBXFrameworksBuildPhase;
			buildActionMask = 2147483647;
			files = (
			);
			runOnlyForDeploymentPostprocessing = 0;
		};
/* End PBXFrameworksBuildPhase section */

/* Begin PBXGroup section */
		48B1D8CE29055F360073BEB5 /* Frameworks */ = {
			isa = PBXGroup;
			children = (
				48B1D8CF29055F360073BEB5 /* NetworkExtension.framework */,
			);
			name = Frameworks;
			sourceTree = "<group>";
		};
		48B8F5532903798500022D44 /* ViewModel */ = {
			isa = PBXGroup;
			children = (
				48C7395428FA5D1400F3E155 /* DrawingViewModel.swift */,
			);
			path = ViewModel;
			sourceTree = "<group>";
		};
		48B8F5542903798B00022D44 /* Store */ = {
			isa = PBXGroup;
			children = (
				48C7394F28F97B6300F3E155 /* DrawingStore.swift */,
			);
			path = Store;
			sourceTree = "<group>";
		};
		48C7395A28FBD0E900F3E155 /* View */ = {
			isa = PBXGroup;
			children = (
				48FE35692902572C00BF33D7 /* LayerMaker */,
				83A846E428725EFA00C777B1 /* DrawingViewController.swift */,
				48C7395828FBCF2100F3E155 /* DrawingTypeButton.swift */,
				48C7395E28FC036100F3E155 /* CanvasView.swift */,
			);
			path = View;
			sourceTree = "<group>";
		};
		48C7395B28FBD0F500F3E155 /* Model */ = {
			isa = PBXGroup;
			children = (
				48FE356129024D3B00BF33D7 /* LineFactory.swift */,
				48FE356329024D4500BF33D7 /* SquareFactory.swift */,
				48FE356529024D5000BF33D7 /* DrawingFactory.swift */,
				48B8F55529037A1700022D44 /* Shape.swift */,
				48B8F55729037A7400022D44 /* Square.swift */,
				48B8F55929037A7D00022D44 /* Line.swift */,
				48F465992907C2370083E64A /* ColorAssets.swift */,
			);
			path = Model;
			sourceTree = "<group>";
		};
		48D474B7290420E300733F4F /* Network */ = {
			isa = PBXGroup;
			children = (
				48D474B8290420F200733F4F /* ChatServerClient.swift */,
				48F107A82904FEE4004D00C7 /* Command.swift */,
				4808EF5B290BF4ED00303E27 /* SocketManager.swift */,
				4808EF60290CEED300303E27 /* ChatReponseType.swift */,
			);
			path = Network;
			sourceTree = "<group>";
		};
		48F4659E2907CB2B0083E64A /* Extension */ = {
			isa = PBXGroup;
			children = (
				48F4659F2907CB350083E64A /* Color+Ext.swift */,
			);
			path = Extension;
			sourceTree = "<group>";
		};
		48FE35692902572C00BF33D7 /* LayerMaker */ = {
			isa = PBXGroup;
			children = (
				48C7396028FC492100F3E155 /* DrawingLayerMaker.swift */,
				48C7395628FBC99400F3E155 /* DrawingMaker.swift */,
				48C7395128F97C2200F3E155 /* PathMaker.swift */,
			);
			path = LayerMaker;
			sourceTree = "<group>";
		};
		83A846D428725EF900C777B1 = {
			isa = PBXGroup;
			children = (
				83A846DF28725EFA00C777B1 /* swift-drawingapp */,
				83A846F628725EFF00C777B1 /* swift-drawingappTests */,
				83A8470028725EFF00C777B1 /* swift-drawingappUITests */,
				83A846DE28725EFA00C777B1 /* Products */,
				48B1D8CE29055F360073BEB5 /* Frameworks */,
			);
			sourceTree = "<group>";
		};
		83A846DE28725EFA00C777B1 /* Products */ = {
			isa = PBXGroup;
			children = (
				83A846DD28725EFA00C777B1 /* swift-drawingapp.app */,
				83A846F328725EFF00C777B1 /* swift-drawingappTests.xctest */,
				83A846FD28725EFF00C777B1 /* swift-drawingappUITests.xctest */,
			);
			name = Products;
			sourceTree = "<group>";
		};
		83A846DF28725EFA00C777B1 /* swift-drawingapp */ = {
			isa = PBXGroup;
			children = (
				48F4659E2907CB2B0083E64A /* Extension */,
				48B1D8CD29055F360073BEB5 /* swift-drawingapp.entitlements */,
				48D474B7290420E300733F4F /* Network */,
				48B8F5542903798B00022D44 /* Store */,
				48B8F5532903798500022D44 /* ViewModel */,
				48C7395B28FBD0F500F3E155 /* Model */,
				48C7395A28FBD0E900F3E155 /* View */,
				83A846E028725EFA00C777B1 /* AppDelegate.swift */,
				83A846E228725EFA00C777B1 /* SceneDelegate.swift */,
				83A846E928725EFE00C777B1 /* Assets.xcassets */,
				83A846EB28725EFE00C777B1 /* LaunchScreen.storyboard */,
				83A846EE28725EFE00C777B1 /* Info.plist */,
			);
			path = "swift-drawingapp";
			sourceTree = "<group>";
		};
		83A846F628725EFF00C777B1 /* swift-drawingappTests */ = {
			isa = PBXGroup;
			children = (
				48F465A32907D6120083E64A /* Test_SquareFactory.swift */,
				48F465A82907D6B10083E64A /* Test_Square.swift */,
				48F465AA2907D8150083E64A /* Test_ColorAssets.swift */,
				48F465AD2907D9650083E64A /* Teat_DrawingStore.swift */,
			);
			path = "swift-drawingappTests";
			sourceTree = "<group>";
		};
		83A8470028725EFF00C777B1 /* swift-drawingappUITests */ = {
			isa = PBXGroup;
			children = (
				83A8470128725EFF00C777B1 /* swift_drawingappUITests.swift */,
				83A8470328725EFF00C777B1 /* swift_drawingappUITestsLaunchTests.swift */,
			);
			path = "swift-drawingappUITests";
			sourceTree = "<group>";
		};
/* End PBXGroup section */

/* Begin PBXNativeTarget section */
		83A846DC28725EFA00C777B1 /* swift-drawingapp */ = {
			isa = PBXNativeTarget;
			buildConfigurationList = 83A8470728725EFF00C777B1 /* Build configuration list for PBXNativeTarget "swift-drawingapp" */;
			buildPhases = (
				83A846D928725EFA00C777B1 /* Sources */,
				83A846DA28725EFA00C777B1 /* Frameworks */,
				83A846DB28725EFA00C777B1 /* Resources */,
			);
			buildRules = (
			);
			dependencies = (
			);
			name = "swift-drawingapp";
			packageProductDependencies = (
				48F107A62904DC7C004D00C7 /* Starscream */,
			);
			productName = "swift-drawingapp";
			productReference = 83A846DD28725EFA00C777B1 /* swift-drawingapp.app */;
			productType = "com.apple.product-type.application";
		};
		83A846F228725EFF00C777B1 /* swift-drawingappTests */ = {
			isa = PBXNativeTarget;
			buildConfigurationList = 83A8470A28725EFF00C777B1 /* Build configuration list for PBXNativeTarget "swift-drawingappTests" */;
			buildPhases = (
				83A846EF28725EFF00C777B1 /* Sources */,
				83A846F028725EFF00C777B1 /* Frameworks */,
				83A846F128725EFF00C777B1 /* Resources */,
			);
			buildRules = (
			);
			dependencies = (
				83A846F528725EFF00C777B1 /* PBXTargetDependency */,
			);
			name = "swift-drawingappTests";
			productName = "swift-drawingappTests";
			productReference = 83A846F328725EFF00C777B1 /* swift-drawingappTests.xctest */;
			productType = "com.apple.product-type.bundle.unit-test";
		};
		83A846FC28725EFF00C777B1 /* swift-drawingappUITests */ = {
			isa = PBXNativeTarget;
			buildConfigurationList = 83A8470D28725EFF00C777B1 /* Build configuration list for PBXNativeTarget "swift-drawingappUITests" */;
			buildPhases = (
				83A846F928725EFF00C777B1 /* Sources */,
				83A846FA28725EFF00C777B1 /* Frameworks */,
				83A846FB28725EFF00C777B1 /* Resources */,
			);
			buildRules = (
			);
			dependencies = (
				83A846FF28725EFF00C777B1 /* PBXTargetDependency */,
			);
			name = "swift-drawingappUITests";
			productName = "swift-drawingappUITests";
			productReference = 83A846FD28725EFF00C777B1 /* swift-drawingappUITests.xctest */;
			productType = "com.apple.product-type.bundle.ui-testing";
		};
/* End PBXNativeTarget section */

/* Begin PBXProject section */
		83A846D528725EF900C777B1 /* Project object */ = {
			isa = PBXProject;
			attributes = {
				BuildIndependentTargetsInParallel = 1;
				LastSwiftUpdateCheck = 1340;
				LastUpgradeCheck = 1340;
				TargetAttributes = {
					83A846DC28725EFA00C777B1 = {
						CreatedOnToolsVersion = 13.4.1;
					};
					83A846F228725EFF00C777B1 = {
						CreatedOnToolsVersion = 13.4.1;
						TestTargetID = 83A846DC28725EFA00C777B1;
					};
					83A846FC28725EFF00C777B1 = {
						CreatedOnToolsVersion = 13.4.1;
						TestTargetID = 83A846DC28725EFA00C777B1;
					};
				};
			};
			buildConfigurationList = 83A846D828725EF900C777B1 /* Build configuration list for PBXProject "swift-drawingapp" */;
			compatibilityVersion = "Xcode 13.0";
			developmentRegion = en;
			hasScannedForEncodings = 0;
			knownRegions = (
				en,
				Base,
			);
			mainGroup = 83A846D428725EF900C777B1;
			packageReferences = (
				48F107A52904DC7C004D00C7 /* XCRemoteSwiftPackageReference "Starscream" */,
			);
			productRefGroup = 83A846DE28725EFA00C777B1 /* Products */;
			projectDirPath = "";
			projectRoot = "";
			targets = (
				83A846DC28725EFA00C777B1 /* swift-drawingapp */,
				83A846F228725EFF00C777B1 /* swift-drawingappTests */,
				83A846FC28725EFF00C777B1 /* swift-drawingappUITests */,
			);
		};
/* End PBXProject section */

/* Begin PBXResourcesBuildPhase section */
		83A846DB28725EFA00C777B1 /* Resources */ = {
			isa = PBXResourcesBuildPhase;
			buildActionMask = 2147483647;
			files = (
				83A846ED28725EFE00C777B1 /* LaunchScreen.storyboard in Resources */,
				83A846EA28725EFE00C777B1 /* Assets.xcassets in Resources */,
			);
			runOnlyForDeploymentPostprocessing = 0;
		};
		83A846F128725EFF00C777B1 /* Resources */ = {
			isa = PBXResourcesBuildPhase;
			buildActionMask = 2147483647;
			files = (
			);
			runOnlyForDeploymentPostprocessing = 0;
		};
		83A846FB28725EFF00C777B1 /* Resources */ = {
			isa = PBXResourcesBuildPhase;
			buildActionMask = 2147483647;
			files = (
			);
			runOnlyForDeploymentPostprocessing = 0;
		};
/* End PBXResourcesBuildPhase section */

/* Begin PBXSourcesBuildPhase section */
		83A846D928725EFA00C777B1 /* Sources */ = {
			isa = PBXSourcesBuildPhase;
			buildActionMask = 2147483647;
			files = (
				48B8F55829037A7400022D44 /* Square.swift in Sources */,
				48C7395728FBC99400F3E155 /* DrawingMaker.swift in Sources */,
				48C7396128FC492100F3E155 /* DrawingLayerMaker.swift in Sources */,
				4808EF5C290BF4ED00303E27 /* SocketManager.swift in Sources */,
				83A846E528725EFA00C777B1 /* DrawingViewController.swift in Sources */,
				48F4659A2907C2370083E64A /* ColorAssets.swift in Sources */,
				48B8F55629037A1700022D44 /* Shape.swift in Sources */,
				48F107A92904FEE4004D00C7 /* Command.swift in Sources */,
				48F465A02907CB350083E64A /* Color+Ext.swift in Sources */,
				83A846E128725EFA00C777B1 /* AppDelegate.swift in Sources */,
				48FE356429024D4500BF33D7 /* SquareFactory.swift in Sources */,
				48C7395228F97C2200F3E155 /* PathMaker.swift in Sources */,
				48D474B9290420F200733F4F /* ChatServerClient.swift in Sources */,
				48C7395928FBCF2100F3E155 /* DrawingTypeButton.swift in Sources */,
				4808EF61290CEED300303E27 /* ChatReponseType.swift in Sources */,
				48C7395028F97B6300F3E155 /* DrawingStore.swift in Sources */,
				48FE356229024D3B00BF33D7 /* LineFactory.swift in Sources */,
				48C7395528FA5D1400F3E155 /* DrawingViewModel.swift in Sources */,
				48FE356629024D5000BF33D7 /* DrawingFactory.swift in Sources */,
				48B8F55A29037A7D00022D44 /* Line.swift in Sources */,
				83A846E328725EFA00C777B1 /* SceneDelegate.swift in Sources */,
				48C7395F28FC036100F3E155 /* CanvasView.swift in Sources */,
			);
			runOnlyForDeploymentPostprocessing = 0;
		};
		83A846EF28725EFF00C777B1 /* Sources */ = {
			isa = PBXSourcesBuildPhase;
			buildActionMask = 2147483647;
			files = (
				48F465AE2907D9650083E64A /* Teat_DrawingStore.swift in Sources */,
				48F465A92907D6B10083E64A /* Test_Square.swift in Sources */,
				48F465A62907D67F0083E64A /* Square.swift in Sources */,
				48F465AC2907D81C0083E64A /* ColorAssets.swift in Sources */,
				48F465A42907D6120083E64A /* Test_SquareFactory.swift in Sources */,
				48F465A52907D6610083E64A /* SquareFactory.swift in Sources */,
				48F465AF2907D9690083E64A /* DrawingStore.swift in Sources */,
				48F465AB2907D8150083E64A /* Test_ColorAssets.swift in Sources */,
				48F465A72907D6940083E64A /* Shape.swift in Sources */,
			);
			runOnlyForDeploymentPostprocessing = 0;
		};
		83A846F928725EFF00C777B1 /* Sources */ = {
			isa = PBXSourcesBuildPhase;
			buildActionMask = 2147483647;
			files = (
				83A8470228725EFF00C777B1 /* swift_drawingappUITests.swift in Sources */,
				83A8470428725EFF00C777B1 /* swift_drawingappUITestsLaunchTests.swift in Sources */,
			);
			runOnlyForDeploymentPostprocessing = 0;
		};
/* End PBXSourcesBuildPhase section */

/* Begin PBXTargetDependency section */
		83A846F528725EFF00C777B1 /* PBXTargetDependency */ = {
			isa = PBXTargetDependency;
			target = 83A846DC28725EFA00C777B1 /* swift-drawingapp */;
			targetProxy = 83A846F428725EFF00C777B1 /* PBXContainerItemProxy */;
		};
		83A846FF28725EFF00C777B1 /* PBXTargetDependency */ = {
			isa = PBXTargetDependency;
			target = 83A846DC28725EFA00C777B1 /* swift-drawingapp */;
			targetProxy = 83A846FE28725EFF00C777B1 /* PBXContainerItemProxy */;
		};
/* End PBXTargetDependency section */

/* Begin PBXVariantGroup section */
		83A846EB28725EFE00C777B1 /* LaunchScreen.storyboard */ = {
			isa = PBXVariantGroup;
			children = (
				83A846EC28725EFE00C777B1 /* Base */,
			);
			name = LaunchScreen.storyboard;
			sourceTree = "<group>";
		};
/* End PBXVariantGroup section */

/* Begin XCBuildConfiguration section */
		83A8470528725EFF00C777B1 /* Debug */ = {
			isa = XCBuildConfiguration;
			buildSettings = {
				ALWAYS_SEARCH_USER_PATHS = NO;
				CLANG_ANALYZER_NONNULL = YES;
				CLANG_ANALYZER_NUMBER_OBJECT_CONVERSION = YES_AGGRESSIVE;
				CLANG_CXX_LANGUAGE_STANDARD = "gnu++17";
				CLANG_ENABLE_MODULES = YES;
				CLANG_ENABLE_OBJC_ARC = YES;
				CLANG_ENABLE_OBJC_WEAK = YES;
				CLANG_WARN_BLOCK_CAPTURE_AUTORELEASING = YES;
				CLANG_WARN_BOOL_CONVERSION = YES;
				CLANG_WARN_COMMA = YES;
				CLANG_WARN_CONSTANT_CONVERSION = YES;
				CLANG_WARN_DEPRECATED_OBJC_IMPLEMENTATIONS = YES;
				CLANG_WARN_DIRECT_OBJC_ISA_USAGE = YES_ERROR;
				CLANG_WARN_DOCUMENTATION_COMMENTS = YES;
				CLANG_WARN_EMPTY_BODY = YES;
				CLANG_WARN_ENUM_CONVERSION = YES;
				CLANG_WARN_INFINITE_RECURSION = YES;
				CLANG_WARN_INT_CONVERSION = YES;
				CLANG_WARN_NON_LITERAL_NULL_CONVERSION = YES;
				CLANG_WARN_OBJC_IMPLICIT_RETAIN_SELF = YES;
				CLANG_WARN_OBJC_LITERAL_CONVERSION = YES;
				CLANG_WARN_OBJC_ROOT_CLASS = YES_ERROR;
				CLANG_WARN_QUOTED_INCLUDE_IN_FRAMEWORK_HEADER = YES;
				CLANG_WARN_RANGE_LOOP_ANALYSIS = YES;
				CLANG_WARN_STRICT_PROTOTYPES = YES;
				CLANG_WARN_SUSPICIOUS_MOVE = YES;
				CLANG_WARN_UNGUARDED_AVAILABILITY = YES_AGGRESSIVE;
				CLANG_WARN_UNREACHABLE_CODE = YES;
				CLANG_WARN__DUPLICATE_METHOD_MATCH = YES;
				COPY_PHASE_STRIP = NO;
				DEBUG_INFORMATION_FORMAT = dwarf;
				ENABLE_STRICT_OBJC_MSGSEND = YES;
				ENABLE_TESTABILITY = YES;
				GCC_C_LANGUAGE_STANDARD = gnu11;
				GCC_DYNAMIC_NO_PIC = NO;
				GCC_NO_COMMON_BLOCKS = YES;
				GCC_OPTIMIZATION_LEVEL = 0;
				GCC_PREPROCESSOR_DEFINITIONS = (
					"DEBUG=1",
					"$(inherited)",
				);
				GCC_WARN_64_TO_32_BIT_CONVERSION = YES;
				GCC_WARN_ABOUT_RETURN_TYPE = YES_ERROR;
				GCC_WARN_UNDECLARED_SELECTOR = YES;
				GCC_WARN_UNINITIALIZED_AUTOS = YES_AGGRESSIVE;
				GCC_WARN_UNUSED_FUNCTION = YES;
				GCC_WARN_UNUSED_VARIABLE = YES;
				IPHONEOS_DEPLOYMENT_TARGET = 15.5;
				MTL_ENABLE_DEBUG_INFO = INCLUDE_SOURCE;
				MTL_FAST_MATH = YES;
				ONLY_ACTIVE_ARCH = YES;
				SDKROOT = iphoneos;
				SWIFT_ACTIVE_COMPILATION_CONDITIONS = DEBUG;
				SWIFT_OPTIMIZATION_LEVEL = "-Onone";
			};
			name = Debug;
		};
		83A8470628725EFF00C777B1 /* Release */ = {
			isa = XCBuildConfiguration;
			buildSettings = {
				ALWAYS_SEARCH_USER_PATHS = NO;
				CLANG_ANALYZER_NONNULL = YES;
				CLANG_ANALYZER_NUMBER_OBJECT_CONVERSION = YES_AGGRESSIVE;
				CLANG_CXX_LANGUAGE_STANDARD = "gnu++17";
				CLANG_ENABLE_MODULES = YES;
				CLANG_ENABLE_OBJC_ARC = YES;
				CLANG_ENABLE_OBJC_WEAK = YES;
				CLANG_WARN_BLOCK_CAPTURE_AUTORELEASING = YES;
				CLANG_WARN_BOOL_CONVERSION = YES;
				CLANG_WARN_COMMA = YES;
				CLANG_WARN_CONSTANT_CONVERSION = YES;
				CLANG_WARN_DEPRECATED_OBJC_IMPLEMENTATIONS = YES;
				CLANG_WARN_DIRECT_OBJC_ISA_USAGE = YES_ERROR;
				CLANG_WARN_DOCUMENTATION_COMMENTS = YES;
				CLANG_WARN_EMPTY_BODY = YES;
				CLANG_WARN_ENUM_CONVERSION = YES;
				CLANG_WARN_INFINITE_RECURSION = YES;
				CLANG_WARN_INT_CONVERSION = YES;
				CLANG_WARN_NON_LITERAL_NULL_CONVERSION = YES;
				CLANG_WARN_OBJC_IMPLICIT_RETAIN_SELF = YES;
				CLANG_WARN_OBJC_LITERAL_CONVERSION = YES;
				CLANG_WARN_OBJC_ROOT_CLASS = YES_ERROR;
				CLANG_WARN_QUOTED_INCLUDE_IN_FRAMEWORK_HEADER = YES;
				CLANG_WARN_RANGE_LOOP_ANALYSIS = YES;
				CLANG_WARN_STRICT_PROTOTYPES = YES;
				CLANG_WARN_SUSPICIOUS_MOVE = YES;
				CLANG_WARN_UNGUARDED_AVAILABILITY = YES_AGGRESSIVE;
				CLANG_WARN_UNREACHABLE_CODE = YES;
				CLANG_WARN__DUPLICATE_METHOD_MATCH = YES;
				COPY_PHASE_STRIP = NO;
				DEBUG_INFORMATION_FORMAT = "dwarf-with-dsym";
				ENABLE_NS_ASSERTIONS = NO;
				ENABLE_STRICT_OBJC_MSGSEND = YES;
				GCC_C_LANGUAGE_STANDARD = gnu11;
				GCC_NO_COMMON_BLOCKS = YES;
				GCC_WARN_64_TO_32_BIT_CONVERSION = YES;
				GCC_WARN_ABOUT_RETURN_TYPE = YES_ERROR;
				GCC_WARN_UNDECLARED_SELECTOR = YES;
				GCC_WARN_UNINITIALIZED_AUTOS = YES_AGGRESSIVE;
				GCC_WARN_UNUSED_FUNCTION = YES;
				GCC_WARN_UNUSED_VARIABLE = YES;
				IPHONEOS_DEPLOYMENT_TARGET = 15.5;
				MTL_ENABLE_DEBUG_INFO = NO;
				MTL_FAST_MATH = YES;
				SDKROOT = iphoneos;
				SWIFT_COMPILATION_MODE = wholemodule;
				SWIFT_OPTIMIZATION_LEVEL = "-O";
				VALIDATE_PRODUCT = YES;
			};
			name = Release;
		};
		83A8470828725EFF00C777B1 /* Debug */ = {
			isa = XCBuildConfiguration;
			buildSettings = {
				ASSETCATALOG_COMPILER_APPICON_NAME = AppIcon;
				ASSETCATALOG_COMPILER_GLOBAL_ACCENT_COLOR_NAME = AccentColor;
				CODE_SIGN_ENTITLEMENTS = "swift-drawingapp/swift-drawingapp.entitlements";
				CODE_SIGN_STYLE = Automatic;
				CURRENT_PROJECT_VERSION = 1;
				ENABLE_TESTING_SEARCH_PATHS = NO;
				GENERATE_INFOPLIST_FILE = YES;
				INFOPLIST_FILE = "swift-drawingapp/Info.plist";
				INFOPLIST_KEY_UIApplicationSupportsIndirectInputEvents = YES;
				INFOPLIST_KEY_UILaunchStoryboardName = LaunchScreen;
				INFOPLIST_KEY_UISupportedInterfaceOrientations_iPad = "UIInterfaceOrientationPortrait UIInterfaceOrientationPortraitUpsideDown UIInterfaceOrientationLandscapeLeft UIInterfaceOrientationLandscapeRight";
				INFOPLIST_KEY_UISupportedInterfaceOrientations_iPhone = "UIInterfaceOrientationPortrait UIInterfaceOrientationLandscapeLeft UIInterfaceOrientationLandscapeRight";
				LD_RUNPATH_SEARCH_PATHS = (
					"$(inherited)",
					"@executable_path/Frameworks",
				);
				MARKETING_VERSION = 1.0;
				PRODUCT_BUNDLE_IDENTIFIER = "com.kakaocorp.swift-drawingapp";
				PRODUCT_NAME = "$(TARGET_NAME)";
				SWIFT_EMIT_LOC_STRINGS = YES;
				SWIFT_VERSION = 5.0;
				TARGETED_DEVICE_FAMILY = 2;
			};
			name = Debug;
		};
		83A8470928725EFF00C777B1 /* Release */ = {
			isa = XCBuildConfiguration;
			buildSettings = {
				ASSETCATALOG_COMPILER_APPICON_NAME = AppIcon;
				ASSETCATALOG_COMPILER_GLOBAL_ACCENT_COLOR_NAME = AccentColor;
				CODE_SIGN_ENTITLEMENTS = "swift-drawingapp/swift-drawingapp.entitlements";
				CODE_SIGN_STYLE = Automatic;
				CURRENT_PROJECT_VERSION = 1;
				ENABLE_TESTING_SEARCH_PATHS = NO;
				GENERATE_INFOPLIST_FILE = YES;
				INFOPLIST_FILE = "swift-drawingapp/Info.plist";
				INFOPLIST_KEY_UIApplicationSupportsIndirectInputEvents = YES;
				INFOPLIST_KEY_UILaunchStoryboardName = LaunchScreen;
				INFOPLIST_KEY_UISupportedInterfaceOrientations_iPad = "UIInterfaceOrientationPortrait UIInterfaceOrientationPortraitUpsideDown UIInterfaceOrientationLandscapeLeft UIInterfaceOrientationLandscapeRight";
				INFOPLIST_KEY_UISupportedInterfaceOrientations_iPhone = "UIInterfaceOrientationPortrait UIInterfaceOrientationLandscapeLeft UIInterfaceOrientationLandscapeRight";
				LD_RUNPATH_SEARCH_PATHS = (
					"$(inherited)",
					"@executable_path/Frameworks",
				);
				MARKETING_VERSION = 1.0;
				PRODUCT_BUNDLE_IDENTIFIER = "com.kakaocorp.swift-drawingapp";
				PRODUCT_NAME = "$(TARGET_NAME)";
				SWIFT_EMIT_LOC_STRINGS = YES;
				SWIFT_VERSION = 5.0;
				TARGETED_DEVICE_FAMILY = 2;
			};
			name = Release;
		};
		83A8470B28725EFF00C777B1 /* Debug */ = {
			isa = XCBuildConfiguration;
			buildSettings = {
				ALWAYS_EMBED_SWIFT_STANDARD_LIBRARIES = YES;
				BUNDLE_LOADER = "$(TEST_HOST)";
				CODE_SIGN_STYLE = Automatic;
				CURRENT_PROJECT_VERSION = 1;
				GENERATE_INFOPLIST_FILE = YES;
				IPHONEOS_DEPLOYMENT_TARGET = 15.5;
				MARKETING_VERSION = 1.0;
				PRODUCT_BUNDLE_IDENTIFIER = "com.kakaocorp.swift-drawingappTests";
				PRODUCT_NAME = "$(TARGET_NAME)";
				SWIFT_EMIT_LOC_STRINGS = NO;
				SWIFT_VERSION = 5.0;
				TARGETED_DEVICE_FAMILY = "1,2";
				TEST_HOST = "$(BUILT_PRODUCTS_DIR)/swift-drawingapp.app/swift-drawingapp";
			};
			name = Debug;
		};
		83A8470C28725EFF00C777B1 /* Release */ = {
			isa = XCBuildConfiguration;
			buildSettings = {
				ALWAYS_EMBED_SWIFT_STANDARD_LIBRARIES = YES;
				BUNDLE_LOADER = "$(TEST_HOST)";
				CODE_SIGN_STYLE = Automatic;
				CURRENT_PROJECT_VERSION = 1;
				GENERATE_INFOPLIST_FILE = YES;
				IPHONEOS_DEPLOYMENT_TARGET = 15.5;
				MARKETING_VERSION = 1.0;
				PRODUCT_BUNDLE_IDENTIFIER = "com.kakaocorp.swift-drawingappTests";
				PRODUCT_NAME = "$(TARGET_NAME)";
				SWIFT_EMIT_LOC_STRINGS = NO;
				SWIFT_VERSION = 5.0;
				TARGETED_DEVICE_FAMILY = "1,2";
				TEST_HOST = "$(BUILT_PRODUCTS_DIR)/swift-drawingapp.app/swift-drawingapp";
			};
			name = Release;
		};
		83A8470E28725EFF00C777B1 /* Debug */ = {
			isa = XCBuildConfiguration;
			buildSettings = {
				ALWAYS_EMBED_SWIFT_STANDARD_LIBRARIES = YES;
				CODE_SIGN_STYLE = Automatic;
				CURRENT_PROJECT_VERSION = 1;
				GENERATE_INFOPLIST_FILE = YES;
				MARKETING_VERSION = 1.0;
				PRODUCT_BUNDLE_IDENTIFIER = "com.kakaocorp.swift-drawingappUITests";
				PRODUCT_NAME = "$(TARGET_NAME)";
				SWIFT_EMIT_LOC_STRINGS = NO;
				SWIFT_VERSION = 5.0;
				TARGETED_DEVICE_FAMILY = "1,2";
				TEST_TARGET_NAME = "swift-drawingapp";
			};
			name = Debug;
		};
		83A8470F28725EFF00C777B1 /* Release */ = {
			isa = XCBuildConfiguration;
			buildSettings = {
				ALWAYS_EMBED_SWIFT_STANDARD_LIBRARIES = YES;
				CODE_SIGN_STYLE = Automatic;
				CURRENT_PROJECT_VERSION = 1;
				GENERATE_INFOPLIST_FILE = YES;
				MARKETING_VERSION = 1.0;
				PRODUCT_BUNDLE_IDENTIFIER = "com.kakaocorp.swift-drawingappUITests";
				PRODUCT_NAME = "$(TARGET_NAME)";
				SWIFT_EMIT_LOC_STRINGS = NO;
				SWIFT_VERSION = 5.0;
				TARGETED_DEVICE_FAMILY = "1,2";
				TEST_TARGET_NAME = "swift-drawingapp";
			};
			name = Release;
		};
/* End XCBuildConfiguration section */

/* Begin XCConfigurationList section */
		83A846D828725EF900C777B1 /* Build configuration list for PBXProject "swift-drawingapp" */ = {
			isa = XCConfigurationList;
			buildConfigurations = (
				83A8470528725EFF00C777B1 /* Debug */,
				83A8470628725EFF00C777B1 /* Release */,
			);
			defaultConfigurationIsVisible = 0;
			defaultConfigurationName = Release;
		};
		83A8470728725EFF00C777B1 /* Build configuration list for PBXNativeTarget "swift-drawingapp" */ = {
			isa = XCConfigurationList;
			buildConfigurations = (
				83A8470828725EFF00C777B1 /* Debug */,
				83A8470928725EFF00C777B1 /* Release */,
			);
			defaultConfigurationIsVisible = 0;
			defaultConfigurationName = Release;
		};
		83A8470A28725EFF00C777B1 /* Build configuration list for PBXNativeTarget "swift-drawingappTests" */ = {
			isa = XCConfigurationList;
			buildConfigurations = (
				83A8470B28725EFF00C777B1 /* Debug */,
				83A8470C28725EFF00C777B1 /* Release */,
			);
			defaultConfigurationIsVisible = 0;
			defaultConfigurationName = Release;
		};
		83A8470D28725EFF00C777B1 /* Build configuration list for PBXNativeTarget "swift-drawingappUITests" */ = {
			isa = XCConfigurationList;
			buildConfigurations = (
				83A8470E28725EFF00C777B1 /* Debug */,
				83A8470F28725EFF00C777B1 /* Release */,
			);
			defaultConfigurationIsVisible = 0;
			defaultConfigurationName = Release;
		};
/* End XCConfigurationList section */

/* Begin XCRemoteSwiftPackageReference section */
		48F107A52904DC7C004D00C7 /* XCRemoteSwiftPackageReference "Starscream" */ = {
			isa = XCRemoteSwiftPackageReference;
			repositoryURL = "https://github.com/daltoniam/Starscream.git";
			requirement = {
				kind = upToNextMajorVersion;
				minimumVersion = 4.0.0;
			};
		};
/* End XCRemoteSwiftPackageReference section */

/* Begin XCSwiftPackageProductDependency section */
		48F107A62904DC7C004D00C7 /* Starscream */ = {
			isa = XCSwiftPackageProductDependency;
			package = 48F107A52904DC7C004D00C7 /* XCRemoteSwiftPackageReference "Starscream" */;
			productName = Starscream;
		};
/* End XCSwiftPackageProductDependency section */
	};
	rootObject = 83A846D528725EF900C777B1 /* Project object */;
}
